
Microsoft Visual Studio Solution File, Format Version 12.00
# Visual Studio 2013
VisualStudioVersion = 12.0.40629.0
MinimumVisualStudioVersion = 10.0.40219.1
Project("{FAE04EC0-301F-11D3-BF4B-00C04F79EFBC}") = "WFDEV2010", "WFDEV2010\WFDEV2010.csproj", "{45513F80-06CD-4756-9F61-D2F98D195EB6}"
EndProject
Project("{FAE04EC0-301F-11D3-BF4B-00C04F79EFBC}") = "EFDATA", "EFDATA\EFDATA.csproj", "{F17A78A5-B5FC-428B-94BF-D0B9BC9BA57A}"
EndProject
Project("{FAE04EC0-301F-11D3-BF4B-00C04F79EFBC}") = "ClassLibrary2", "ClassLibrary2\ClassLibrary2.csproj", "{2707C069-59AE-4ED3-BC4E-3C587F75013B}"
EndProject
Project("{FAE04EC0-301F-11D3-BF4B-00C04F79EFBC}") = "ClassLibraryRefC", "ClassLibrar反射\ClassLibraryRefC.csproj", "{57DFD34E-E62F-461F-A080-2CBF6A254A83}"
EndProject
Project("{FAE04EC0-301F-11D3-BF4B-00C04F79EFBC}") = "ClassLibraryRef", "ClassLibrary反射接口\ClassLibraryRef.csproj", "{128876B6-A58F-45D0-9E65-4A0C8D07E0E1}"
EndProject
Project("{F088123C-0E9E-452A-89E6-6BA2F21D5CAC}") = "ModelingProject1", "ModelingProject1\ModelingProject1.modelproj", "{B65D7C54-9AA1-4465-B868-3D467DE2F0C8}"
EndProject
Project("{FAE04EC0-301F-11D3-BF4B-00C04F79EFBC}") = "多线程", "..\DevWinform\多线程\多线程.csproj", "{9640A048-68CF-4EA1-A5B5-C5FECA6401D6}"
EndProject
Project("{FAE04EC0-301F-11D3-BF4B-00C04F79EFBC}") = "ConsoleApplication多线程", "..\DevWinform\ConsoleApplication多线程\ConsoleApplication多线程.csproj", "{BAEF649A-1250-47AE-8D48-F327E039884B}"
EndProject
Project("{FAE04EC0-301F-11D3-BF4B-00C04F79EFBC}") = "DevWinform", "..\DevWinform\DevWinform\DevWinform.csproj", "{BF784908-C57F-47EF-AA21-41A555EB7AB5}"
EndProject
Project("{FAE04EC0-301F-11D3-BF4B-00C04F79EFBC}") = "FastReport", "FastReport\FastReport.csproj", "{0F8C60A2-5972-428C-A565-86A5AEE24551}"
EndProject
Project("{FAE04EC0-301F-11D3-BF4B-00C04F79EFBC}") = "2", "2\2.csproj", "{346A52B6-4EB0-4BD3-B3A0-DBC38E88A90D}"
EndProject
Project("{FAE04EC0-301F-11D3-BF4B-00C04F79EFBC}") = "测试用", "测试用\测试用.csproj", "{3AC7F02F-D4E9-4D36-BEDA-0284668D4F0E}"
EndProject
Project("{FAE04EC0-301F-11D3-BF4B-00C04F79EFBC}") = "应用程序域", "应用程序域\应用程序域.csproj", "{25FA6546-A5FA-4560-8C6F-05ED15701FE9}"
EndProject
Project("{FAE04EC0-301F-11D3-BF4B-00C04F79EFBC}") = "HelloWorldRemote", "HelloWorldRemote\HelloWorldRemote.csproj", "{F0FDED8E-AC75-4FA1-AD69-85F3B0432B95}"
EndProject
Project("{FAE04EC0-301F-11D3-BF4B-00C04F79EFBC}") = "WpfApplication1", "WpfApplication1\WpfApplication1.csproj", "{DD5FD22C-41DF-4BBD-8DFF-5B45FD47803E}"
EndProject
Project("{FAE04EC0-301F-11D3-BF4B-00C04F79EFBC}") = "4.0异步", "4.0异步\4.0异步.csproj", "{65288B06-E603-4F99-A82A-5CC1B31D5A40}"
EndProject
Project("{FAE04EC0-301F-11D3-BF4B-00C04F79EFBC}") = "Task", "Task\Task.csproj", "{AA72DB2B-EFD3-47E7-B521-BE8BB393536C}"
EndProject
Project("{FAE04EC0-301F-11D3-BF4B-00C04F79EFBC}") = "Word", "Word\Word.csproj", "{4B85DA7B-6AA2-4A2F-BEB1-6F947FCF0410}"
EndProject
Project("{FAE04EC0-301F-11D3-BF4B-00C04F79EFBC}") = "ClassLibrary.Data", "ClassLibrary.Data\ClassLibrary.Data.csproj", "{6F0DDBB7-2DA5-4A1C-96CE-9B384D6C06E1}"
EndProject
Project("{FAE04EC0-301F-11D3-BF4B-00C04F79EFBC}") = "​G​r​i​d​C​o​n​t​r​ol​", "Dev13\​G​r​i​d​C​o​n​t​r​ol​.csproj", "{3DC11587-DA06-4960-832D-3804216EBD99}"
EndProject
Project("{FAE04EC0-301F-11D3-BF4B-00C04F79EFBC}") = "BarEditors", "BarEditors\BarEditors.csproj", "{E4E43CBD-FB2C-40D1-A563-6AFA26C782D8}"
EndProject
Project("{FAE04EC0-301F-11D3-BF4B-00C04F79EFBC}") = "换肤", "换肤\换肤.csproj", "{B8B842CB-8B0E-4D29-8565-C5E9CF7A7F2F}"
EndProject
Project("{FAE04EC0-301F-11D3-BF4B-00C04F79EFBC}") = "VS插件开发", "VS插件开发\VS插件开发.csproj", "{87436470-EE45-4D92-986D-E3D360CAAC26}"
EndProject
Project("{FAE04EC0-301F-11D3-BF4B-00C04F79EFBC}") = "DevMID", "DevMID\DevMID.csproj", "{635EAF73-3632-47D4-B9B3-69FAACEEA104}"
EndProject
Project("{FAE04EC0-301F-11D3-BF4B-00C04F79EFBC}") = "禁用容器内的所有控件", "禁用容器内的所有控件\禁用容器内的所有控件.csproj", "{93661426-4479-497D-B507-1D9F6E0DEF5B}"
EndProject
Project("{FAE04EC0-301F-11D3-BF4B-00C04F79EFBC}") = "事件写在类中", "事件写在类中\事件写在类中.csproj", "{9B205BF8-E185-4DD7-B529-AF8105F40561}"
EndProject
Project("{FAE04EC0-301F-11D3-BF4B-00C04F79EFBC}") = "列表录入", "列表录入\列表录入.csproj", "{4362A23E-39B0-47C7-9F01-CEC963FA7E9C}"
EndProject
Project("{FAE04EC0-301F-11D3-BF4B-00C04F79EFBC}") = "两个结果的交差并", "两个结果的交差并\两个结果的交差并.csproj", "{AB0F2C52-1057-4878-93CE-476073F0CCFC}"
EndProject
Project("{FAE04EC0-301F-11D3-BF4B-00C04F79EFBC}") = "WindowsFormsApplication1", "WindowsFormsApplication1\WindowsFormsApplication1.csproj", "{BD1C31B2-CBD8-47FB-A936-64165721C658}"
EndProject
Project("{FAE04EC0-301F-11D3-BF4B-00C04F79EFBC}") = "LitView 展示文件夹的所有文件，并带文件的图标", "Winning.Cpoe.UI.PreviewFile\LitView 展示文件夹的所有文件，并带文件的图标.csproj", "{45D86E41-82F8-42AA-8E89-79F6FEAB7209}"
EndProject
Project("{2150E333-8FDC-42A3-9474-1A3956D46DE8}") = "网络视频", "网络视频", "{FB6D679D-BD00-45B8-BEEF-963F7F00F316}"
EndProject
Project("{2150E333-8FDC-42A3-9474-1A3956D46DE8}") = "Common", "Common", "{8A66C7CC-2BDB-4988-AF76-06C12A19D773}"
EndProject
Project("{FAE04EC0-301F-11D3-BF4B-00C04F79EFBC}") = "ClassLibrary3", "ClassLibrary3\ClassLibrary3.csproj", "{8CA17595-10BF-4161-90EE-FBF111755137}"
EndProject
Project("{FAE04EC0-301F-11D3-BF4B-00C04F79EFBC}") = "ClassLibrary1", "BLL\ClassLibrary1\ClassLibrary1.csproj", "{1636D0C1-4D90-400B-B59B-80F8310046D4}"
EndProject
Project("{FAE04EC0-301F-11D3-BF4B-00C04F79EFBC}") = "ClassLibrary4", "网络视频\ClassLibrary4\ClassLibrary4.csproj", "{04323BE5-B935-4F22-BC1D-EDFD3C7EFEEC}"
EndProject
Project("{2150E333-8FDC-42A3-9474-1A3956D46DE8}") = "设计模式", "设计模式", "{A0E914AE-D0C5-4D4B-81D6-338DFA36C8A7}"
EndProject
Project("{2150E333-8FDC-42A3-9474-1A3956D46DE8}") = "访问者模式", "访问者模式", "{833A8CC9-80B0-4BBF-AA03-F09EF83C59C9}"
EndProject
Project("{FAE04EC0-301F-11D3-BF4B-00C04F79EFBC}") = "Winform访问者模式", "设计模式\访问者模式\Winform访问者模式\Winform访问者模式.csproj", "{451C7136-0808-4F5B-B383-7F6768B5761B}"
EndProject
Project("{2150E333-8FDC-42A3-9474-1A3956D46DE8}") = "Dev实例", "Dev实例", "{383D5E93-561C-4EDC-96DC-16487D8C081D}"
EndProject
Project("{FAE04EC0-301F-11D3-BF4B-00C04F79EFBC}") = "DevWinfrom", "DevWinfrom\DevWinfrom.csproj", "{B255AE02-D453-4EC2-AED3-141574040EFE}"
EndProject
Project("{2150E333-8FDC-42A3-9474-1A3956D46DE8}") = "Dev14汉化文件", "Dev14汉化文件", "{403DEF97-C1C1-43CC-A8B0-7D937FB538B4}"
EndProject
Project("{FAE04EC0-301F-11D3-BF4B-00C04F79EFBC}") = "GDI", "GDI\GDI.csproj", "{82467759-56A7-484B-A620-8175FCB37A45}"
EndProject
Project("{2150E333-8FDC-42A3-9474-1A3956D46DE8}") = "Model", "Model", "{EBB9EE61-B1B9-487F-8643-8E458D5AD71F}"
EndProject
Project("{FAE04EC0-301F-11D3-BF4B-00C04F79EFBC}") = "Model", "Model\Model\Model.csproj", "{2B7E24FB-6F9C-446C-9E87-B70E5F2B6670}"
EndProject
Project("{2150E333-8FDC-42A3-9474-1A3956D46DE8}") = "BindingSourceStudy", "BindingSourceStudy", "{5BA9C7E5-891B-49D0-8A2B-42D7F07E39FC}"
EndProject
Project("{FAE04EC0-301F-11D3-BF4B-00C04F79EFBC}") = "BindingSourceWinfrom", "BindingSourceStudy\BindingSourceWinfrom\BindingSourceWinfrom.csproj", "{65824328-07D8-46F4-91AB-C69B9FD155B5}"
EndProject
Project("{2150E333-8FDC-42A3-9474-1A3956D46DE8}") = "WPF", "WPF", "{2E9D7CF1-7D13-4BEA-9150-C9EF33EF1EBA}"
EndProject
Project("{FAE04EC0-301F-11D3-BF4B-00C04F79EFBC}") = "WPFStudy", "WPF\WPFStudy\WPFStudy.csproj", "{7742AA9D-FB18-4054-ADAC-AD751A61B594}"
EndProject
Project("{FAE04EC0-301F-11D3-BF4B-00C04F79EFBC}") = "异常处理", "异常处理\异常处理.csproj", "{EB9C9544-B378-489F-86BD-B3402EBC2408}"
EndProject
Project("{FAE04EC0-301F-11D3-BF4B-00C04F79EFBC}") = "ClassLibrary异常处理", "ClassLibrary异常处理\ClassLibrary异常处理.csproj", "{C4A8DB8D-51B5-4A3B-8AF9-B9E1188145EF}"
EndProject
Project("{2150E333-8FDC-42A3-9474-1A3956D46DE8}") = "反射学习", "反射学习", "{CCC60D3B-7760-41E3-A465-05E53440FE85}"
EndProject
Project("{FAE04EC0-301F-11D3-BF4B-00C04F79EFBC}") = "ConsoleApplication1", "反射学习\ConsoleApplication1\ConsoleApplication1.csproj", "{CA084E57-4913-46D2-8118-507304A8E0FC}"
EndProject
Project("{FAE04EC0-301F-11D3-BF4B-00C04F79EFBC}") = "HostSdk", "反射学习\HostSdk\HostSdk.csproj", "{BAB8FC5F-C3E0-4FBC-AD95-5EA7A711C8B5}"
EndProject
Project("{FAE04EC0-301F-11D3-BF4B-00C04F79EFBC}") = "AddInTypes", "反射学习\AddInTypes\AddInTypes.csproj", "{76993F68-2F97-402C-8357-915A0EB94080}"
EndProject
Global
	GlobalSection(TeamFoundationVersionControl) = preSolution
		SccNumberOfProjects = 45
		SccEnterpriseProvider = {4CA58AB2-18FA-4F8D-95D4-32DDF27D184C}
		SccTeamFoundationServer = https://fgtfs.visualstudio.com/defaultcollection
		SccLocalPath0 = .
		SccProjectUniqueName1 = WFDEV2010\\WFDEV2010.csproj
		SccProjectTopLevelParentUniqueName1 = WFDEV2010.sln
		SccProjectName1 = WFDEV2010
		SccLocalPath1 = WFDEV2010
		SccProjectUniqueName2 = ..\\DevWinform\\ConsoleApplication多线程\\ConsoleApplication多线程.csproj
		SccProjectName2 = ../DevWinform/ConsoleApplication多线程
		SccLocalPath2 = ..\\DevWinform\\ConsoleApplication多线程
		SccProjectUniqueName3 = ..\\DevWinform\\DevWinform\\DevWinform.csproj
		SccProjectName3 = ../DevWinform/DevWinform
		SccLocalPath3 = ..\\DevWinform\\DevWinform
		SccProjectUniqueName4 = ..\\DevWinform\\多线程\\多线程.csproj
		SccProjectName4 = ../DevWinform/多线程
		SccLocalPath4 = ..\\DevWinform\\多线程
		SccProjectUniqueName5 = 2\\2.csproj
		SccProjectName5 = 2
		SccLocalPath5 = 2
		SccProjectUniqueName6 = ClassLibrary2\\ClassLibrary2.csproj
		SccProjectName6 = ClassLibrary2
		SccLocalPath6 = ClassLibrary2
		SccProjectUniqueName7 = ClassLibrary反射接口\\ClassLibraryRef.csproj
		SccProjectName7 = ClassLibrary反射接口
		SccLocalPath7 = ClassLibrary反射接口
		SccProjectUniqueName8 = ClassLibrar反射\\ClassLibraryRefC.csproj
		SccProjectName8 = ClassLibrar反射
		SccLocalPath8 = ClassLibrar反射
		SccProjectUniqueName9 = EFDATA\\EFDATA.csproj
		SccProjectName9 = EFDATA
		SccLocalPath9 = EFDATA
		SccProjectUniqueName10 = FastReport\\FastReport.csproj
		SccProjectName10 = FastReport
		SccLocalPath10 = FastReport
		SccProjectUniqueName11 = ModelingProject1\\ModelingProject1.modelproj
		SccProjectName11 = ModelingProject1
		SccLocalPath11 = ModelingProject1
		SccProjectUniqueName12 = 应用程序域\\应用程序域.csproj
		SccProjectName12 = 应用程序域
		SccLocalPath12 = 应用程序域
		SccProjectUniqueName13 = 测试用\\测试用.csproj
		SccProjectName13 = 测试用
		SccLocalPath13 = 测试用
		SccProjectUniqueName14 = HelloWorldRemote\\HelloWorldRemote.csproj
		SccProjectName14 = HelloWorldRemote
		SccLocalPath14 = HelloWorldRemote
		SccProjectUniqueName15 = WpfApplication1\\WpfApplication1.csproj
		SccProjectTopLevelParentUniqueName15 = WFDEV2010.sln
		SccProjectName15 = WpfApplication1
		SccLocalPath15 = WpfApplication1
		SccProjectUniqueName16 = 4.0异步\\4.0异步.csproj
		SccProjectName16 = 4.0异步
		SccLocalPath16 = 4.0异步
		SccProjectUniqueName17 = Task\\Task.csproj
		SccProjectName17 = Task
		SccLocalPath17 = Task
		SccProjectUniqueName18 = Word\\Word.csproj
		SccProjectName18 = Word
		SccLocalPath18 = Word
		SccProjectUniqueName19 = ClassLibrary.Data\\ClassLibrary.Data.csproj
		SccProjectName19 = ClassLibrary.Data
		SccLocalPath19 = ClassLibrary.Data
		SccProjectUniqueName20 = BarEditors\\BarEditors.csproj
		SccProjectName20 = BarEditors
		SccLocalPath20 = BarEditors
		SccProjectUniqueName21 = 换肤\\换肤.csproj
		SccProjectName21 = 换肤
		SccLocalPath21 = 换肤
		SccProjectUniqueName22 = Dev13\\​G​r​i​d​C​o​n​t​r​ol​.csproj
		SccProjectName22 = Dev13
		SccLocalPath22 = Dev13
		SccProjectUniqueName23 = VS插件开发\\VS插件开发.csproj
		SccProjectName23 = VS插件开发
		SccLocalPath23 = VS插件开发
		SccProjectUniqueName24 = DevMID\\DevMID.csproj
		SccProjectName24 = DevMID
		SccLocalPath24 = DevMID
		SccProjectUniqueName25 = 禁用容器内的所有控件\\禁用容器内的所有控件.csproj
		SccProjectName25 = 禁用容器内的所有控件
		SccLocalPath25 = 禁用容器内的所有控件
		SccProjectUniqueName26 = 事件写在类中\\事件写在类中.csproj
		SccProjectName26 = 事件写在类中
		SccLocalPath26 = 事件写在类中
		SccProjectUniqueName27 = 列表录入\\列表录入.csproj
		SccProjectName27 = 列表录入
		SccLocalPath27 = 列表录入
		SccProjectUniqueName28 = 两个结果的交差并\\两个结果的交差并.csproj
		SccProjectName28 = 两个结果的交差并
		SccLocalPath28 = 两个结果的交差并
		SccProjectUniqueName29 = WindowsFormsApplication1\\WindowsFormsApplication1.csproj
		SccProjectName29 = WindowsFormsApplication1
		SccLocalPath29 = WindowsFormsApplication1
		SccProjectUniqueName30 = ClassLibrary3\\ClassLibrary3.csproj
		SccProjectTopLevelParentUniqueName30 = WFDEV2010.sln
		SccProjectName30 = ClassLibrary3
		SccLocalPath30 = ClassLibrary3
		SccProjectUniqueName31 = BLL\\ClassLibrary1\\ClassLibrary1.csproj
		SccProjectName31 = BLL/ClassLibrary1
		SccLocalPath31 = BLL\\ClassLibrary1
		SccProjectUniqueName32 = 网络视频\\ClassLibrary4\\ClassLibrary4.csproj
		SccProjectTopLevelParentUniqueName32 = WFDEV2010.sln
		SccProjectName32 = 网络视频/ClassLibrary4
		SccLocalPath32 = 网络视频\\ClassLibrary4
		SccProjectUniqueName33 = 设计模式\\访问者模式\\Winform访问者模式\\Winform访问者模式.csproj
		SccProjectTopLevelParentUniqueName33 = WFDEV2010.sln
		SccProjectName33 = 设计模式/访问者模式/Winform访问者模式
		SccLocalPath33 = 设计模式\\访问者模式\\Winform访问者模式
		SccProjectUniqueName34 = DevWinfrom\\DevWinfrom.csproj
		SccProjectTopLevelParentUniqueName34 = WFDEV2010.sln
		SccProjectName34 = DevWinfrom
		SccLocalPath34 = DevWinfrom
		SccProjectUniqueName35 = GDI\\GDI.csproj
		SccProjectTopLevelParentUniqueName35 = WFDEV2010.sln
		SccProjectName35 = GDI
		SccLocalPath35 = GDI
		SccProjectUniqueName36 = Model\\Model\\Model.csproj
		SccProjectTopLevelParentUniqueName36 = WFDEV2010.sln
		SccProjectName36 = Model/Model
		SccLocalPath36 = Model\\Model
		SccProjectUniqueName37 = BindingSourceStudy\\BindingSourceWinfrom\\BindingSourceWinfrom.csproj
		SccProjectTopLevelParentUniqueName37 = WFDEV2010.sln
		SccProjectName37 = BindingSourceStudy/BindingSourceWinfrom
		SccLocalPath37 = BindingSourceStudy\\BindingSourceWinfrom
		SccProjectUniqueName38 = WPF\\WPFStudy\\WPFStudy.csproj
		SccProjectTopLevelParentUniqueName38 = WFDEV2010.sln
		SccProjectName38 = WPF/WPFStudy
		SccLocalPath38 = WPF\\WPFStudy
		SccProjectUniqueName39 = 异常处理\\异常处理.csproj
		SccProjectName39 = 异常处理
		SccLocalPath39 = 异常处理
		SccProjectUniqueName40 = ClassLibrary异常处理\\ClassLibrary异常处理.csproj
		SccProjectName40 = ClassLibrary异常处理
		SccLocalPath40 = ClassLibrary异常处理
		SccProjectUniqueName41 = Winning.Cpoe.UI.PreviewFile\\LitView\u0020展示文件夹的所有文件，并带文件的图标.csproj
		SccProjectName41 = Winning.Cpoe.UI.PreviewFile
		SccLocalPath41 = Winning.Cpoe.UI.PreviewFile
		SccProjectUniqueName42 = 反射学习\\ConsoleApplication1\\ConsoleApplication1.csproj
		SccProjectTopLevelParentUniqueName42 = WFDEV2010.sln
		SccProjectName42 = 反射学习/ConsoleApplication1
		SccLocalPath42 = 反射学习\\ConsoleApplication1
		SccProjectUniqueName43 = 反射学习\\HostSdk\\HostSdk.csproj
		SccProjectTopLevelParentUniqueName43 = WFDEV2010.sln
		SccProjectName43 = 反射学习/HostSdk
		SccLocalPath43 = 反射学习\\HostSdk
		SccProjectUniqueName44 = 反射学习\\AddInTypes\\AddInTypes.csproj
		SccProjectTopLevelParentUniqueName44 = WFDEV2010.sln
		SccProjectName44 = 反射学习/AddInTypes
		SccLocalPath44 = 反射学习\\AddInTypes
	EndGlobalSection
	GlobalSection(SolutionConfigurationPlatforms) = preSolution
		Debug|Any CPU = Debug|Any CPU
		Debug|Mixed Platforms = Debug|Mixed Platforms
		Debug|x86 = Debug|x86
		EasyTest|Any CPU = EasyTest|Any CPU
		EasyTest|Mixed Platforms = EasyTest|Mixed Platforms
		EasyTest|x86 = EasyTest|x86
		Release|Any CPU = Release|Any CPU
		Release|Mixed Platforms = Release|Mixed Platforms
		Release|x86 = Release|x86
	EndGlobalSection
	GlobalSection(ProjectConfigurationPlatforms) = postSolution
		{45513F80-06CD-4756-9F61-D2F98D195EB6}.Debug|Any CPU.ActiveCfg = Debug|x86
		{45513F80-06CD-4756-9F61-D2F98D195EB6}.Debug|Any CPU.Build.0 = Debug|x86
		{45513F80-06CD-4756-9F61-D2F98D195EB6}.Debug|Mixed Platforms.ActiveCfg = Debug|x86
		{45513F80-06CD-4756-9F61-D2F98D195EB6}.Debug|Mixed Platforms.Build.0 = Debug|x86
		{45513F80-06CD-4756-9F61-D2F98D195EB6}.Debug|x86.ActiveCfg = Debug|x86
		{45513F80-06CD-4756-9F61-D2F98D195EB6}.Debug|x86.Build.0 = Debug|x86
		{45513F80-06CD-4756-9F61-D2F98D195EB6}.EasyTest|Any CPU.ActiveCfg = Release|x86
		{45513F80-06CD-4756-9F61-D2F98D195EB6}.EasyTest|Any CPU.Build.0 = Release|x86
		{45513F80-06CD-4756-9F61-D2F98D195EB6}.EasyTest|Mixed Platforms.ActiveCfg = Release|x86
		{45513F80-06CD-4756-9F61-D2F98D195EB6}.EasyTest|Mixed Platforms.Build.0 = Release|x86
		{45513F80-06CD-4756-9F61-D2F98D195EB6}.EasyTest|x86.ActiveCfg = Release|x86
		{45513F80-06CD-4756-9F61-D2F98D195EB6}.EasyTest|x86.Build.0 = Release|x86
		{45513F80-06CD-4756-9F61-D2F98D195EB6}.Release|Any CPU.ActiveCfg = Release|x86
		{45513F80-06CD-4756-9F61-D2F98D195EB6}.Release|Any CPU.Build.0 = Release|x86
		{45513F80-06CD-4756-9F61-D2F98D195EB6}.Release|Mixed Platforms.ActiveCfg = Release|x86
		{45513F80-06CD-4756-9F61-D2F98D195EB6}.Release|Mixed Platforms.Build.0 = Release|x86
		{45513F80-06CD-4756-9F61-D2F98D195EB6}.Release|x86.ActiveCfg = Release|x86
		{45513F80-06CD-4756-9F61-D2F98D195EB6}.Release|x86.Build.0 = Release|x86
		{F17A78A5-B5FC-428B-94BF-D0B9BC9BA57A}.Debug|Any CPU.ActiveCfg = Debug|Any CPU
		{F17A78A5-B5FC-428B-94BF-D0B9BC9BA57A}.Debug|Any CPU.Build.0 = Debug|Any CPU
		{F17A78A5-B5FC-428B-94BF-D0B9BC9BA57A}.Debug|Mixed Platforms.ActiveCfg = Debug|Any CPU
		{F17A78A5-B5FC-428B-94BF-D0B9BC9BA57A}.Debug|Mixed Platforms.Build.0 = Debug|Any CPU
		{F17A78A5-B5FC-428B-94BF-D0B9BC9BA57A}.Debug|x86.ActiveCfg = Debug|Any CPU
		{F17A78A5-B5FC-428B-94BF-D0B9BC9BA57A}.EasyTest|Any CPU.ActiveCfg = Release|Any CPU
		{F17A78A5-B5FC-428B-94BF-D0B9BC9BA57A}.EasyTest|Any CPU.Build.0 = Release|Any CPU
		{F17A78A5-B5FC-428B-94BF-D0B9BC9BA57A}.EasyTest|Mixed Platforms.ActiveCfg = Release|Any CPU
		{F17A78A5-B5FC-428B-94BF-D0B9BC9BA57A}.EasyTest|Mixed Platforms.Build.0 = Release|Any CPU
		{F17A78A5-B5FC-428B-94BF-D0B9BC9BA57A}.EasyTest|x86.ActiveCfg = Release|Any CPU
		{F17A78A5-B5FC-428B-94BF-D0B9BC9BA57A}.Release|Any CPU.ActiveCfg = Release|Any CPU
		{F17A78A5-B5FC-428B-94BF-D0B9BC9BA57A}.Release|Any CPU.Build.0 = Release|Any CPU
		{F17A78A5-B5FC-428B-94BF-D0B9BC9BA57A}.Release|Mixed Platforms.ActiveCfg = Release|Any CPU
		{F17A78A5-B5FC-428B-94BF-D0B9BC9BA57A}.Release|Mixed Platforms.Build.0 = Release|Any CPU
		{F17A78A5-B5FC-428B-94BF-D0B9BC9BA57A}.Release|x86.ActiveCfg = Release|Any CPU
		{2707C069-59AE-4ED3-BC4E-3C587F75013B}.Debug|Any CPU.ActiveCfg = Debug|Any CPU
		{2707C069-59AE-4ED3-BC4E-3C587F75013B}.Debug|Any CPU.Build.0 = Debug|Any CPU
		{2707C069-59AE-4ED3-BC4E-3C587F75013B}.Debug|Mixed Platforms.ActiveCfg = Debug|Any CPU
		{2707C069-59AE-4ED3-BC4E-3C587F75013B}.Debug|Mixed Platforms.Build.0 = Debug|Any CPU
		{2707C069-59AE-4ED3-BC4E-3C587F75013B}.Debug|x86.ActiveCfg = Debug|Any CPU
		{2707C069-59AE-4ED3-BC4E-3C587F75013B}.EasyTest|Any CPU.ActiveCfg = Release|Any CPU
		{2707C069-59AE-4ED3-BC4E-3C587F75013B}.EasyTest|Any CPU.Build.0 = Release|Any CPU
		{2707C069-59AE-4ED3-BC4E-3C587F75013B}.EasyTest|Mixed Platforms.ActiveCfg = Release|Any CPU
		{2707C069-59AE-4ED3-BC4E-3C587F75013B}.EasyTest|Mixed Platforms.Build.0 = Release|Any CPU
		{2707C069-59AE-4ED3-BC4E-3C587F75013B}.EasyTest|x86.ActiveCfg = Release|Any CPU
		{2707C069-59AE-4ED3-BC4E-3C587F75013B}.Release|Any CPU.ActiveCfg = Release|Any CPU
		{2707C069-59AE-4ED3-BC4E-3C587F75013B}.Release|Any CPU.Build.0 = Release|Any CPU
		{2707C069-59AE-4ED3-BC4E-3C587F75013B}.Release|Mixed Platforms.ActiveCfg = Release|Any CPU
		{2707C069-59AE-4ED3-BC4E-3C587F75013B}.Release|Mixed Platforms.Build.0 = Release|Any CPU
		{2707C069-59AE-4ED3-BC4E-3C587F75013B}.Release|x86.ActiveCfg = Release|Any CPU
		{57DFD34E-E62F-461F-A080-2CBF6A254A83}.Debug|Any CPU.ActiveCfg = Debug|Any CPU
		{57DFD34E-E62F-461F-A080-2CBF6A254A83}.Debug|Any CPU.Build.0 = Debug|Any CPU
		{57DFD34E-E62F-461F-A080-2CBF6A254A83}.Debug|Mixed Platforms.ActiveCfg = Debug|Any CPU
		{57DFD34E-E62F-461F-A080-2CBF6A254A83}.Debug|Mixed Platforms.Build.0 = Debug|Any CPU
		{57DFD34E-E62F-461F-A080-2CBF6A254A83}.Debug|x86.ActiveCfg = Debug|Any CPU
		{57DFD34E-E62F-461F-A080-2CBF6A254A83}.EasyTest|Any CPU.ActiveCfg = Release|Any CPU
		{57DFD34E-E62F-461F-A080-2CBF6A254A83}.EasyTest|Any CPU.Build.0 = Release|Any CPU
		{57DFD34E-E62F-461F-A080-2CBF6A254A83}.EasyTest|Mixed Platforms.ActiveCfg = Release|Any CPU
		{57DFD34E-E62F-461F-A080-2CBF6A254A83}.EasyTest|Mixed Platforms.Build.0 = Release|Any CPU
		{57DFD34E-E62F-461F-A080-2CBF6A254A83}.EasyTest|x86.ActiveCfg = Release|Any CPU
		{57DFD34E-E62F-461F-A080-2CBF6A254A83}.Release|Any CPU.ActiveCfg = Release|Any CPU
		{57DFD34E-E62F-461F-A080-2CBF6A254A83}.Release|Any CPU.Build.0 = Release|Any CPU
		{57DFD34E-E62F-461F-A080-2CBF6A254A83}.Release|Mixed Platforms.ActiveCfg = Release|Any CPU
		{57DFD34E-E62F-461F-A080-2CBF6A254A83}.Release|Mixed Platforms.Build.0 = Release|Any CPU
		{57DFD34E-E62F-461F-A080-2CBF6A254A83}.Release|x86.ActiveCfg = Release|Any CPU
		{128876B6-A58F-45D0-9E65-4A0C8D07E0E1}.Debug|Any CPU.ActiveCfg = Debug|Any CPU
		{128876B6-A58F-45D0-9E65-4A0C8D07E0E1}.Debug|Any CPU.Build.0 = Debug|Any CPU
		{128876B6-A58F-45D0-9E65-4A0C8D07E0E1}.Debug|Mixed Platforms.ActiveCfg = Debug|Any CPU
		{128876B6-A58F-45D0-9E65-4A0C8D07E0E1}.Debug|Mixed Platforms.Build.0 = Debug|Any CPU
		{128876B6-A58F-45D0-9E65-4A0C8D07E0E1}.Debug|x86.ActiveCfg = Debug|Any CPU
		{128876B6-A58F-45D0-9E65-4A0C8D07E0E1}.EasyTest|Any CPU.ActiveCfg = Release|Any CPU
		{128876B6-A58F-45D0-9E65-4A0C8D07E0E1}.EasyTest|Any CPU.Build.0 = Release|Any CPU
		{128876B6-A58F-45D0-9E65-4A0C8D07E0E1}.EasyTest|Mixed Platforms.ActiveCfg = Release|Any CPU
		{128876B6-A58F-45D0-9E65-4A0C8D07E0E1}.EasyTest|Mixed Platforms.Build.0 = Release|Any CPU
		{128876B6-A58F-45D0-9E65-4A0C8D07E0E1}.EasyTest|x86.ActiveCfg = Release|Any CPU
		{128876B6-A58F-45D0-9E65-4A0C8D07E0E1}.Release|Any CPU.ActiveCfg = Release|Any CPU
		{128876B6-A58F-45D0-9E65-4A0C8D07E0E1}.Release|Any CPU.Build.0 = Release|Any CPU
		{128876B6-A58F-45D0-9E65-4A0C8D07E0E1}.Release|Mixed Platforms.ActiveCfg = Release|Any CPU
		{128876B6-A58F-45D0-9E65-4A0C8D07E0E1}.Release|Mixed Platforms.Build.0 = Release|Any CPU
		{128876B6-A58F-45D0-9E65-4A0C8D07E0E1}.Release|x86.ActiveCfg = Release|Any CPU
		{B65D7C54-9AA1-4465-B868-3D467DE2F0C8}.Debug|Any CPU.ActiveCfg = Debug|Any CPU
		{B65D7C54-9AA1-4465-B868-3D467DE2F0C8}.Debug|Any CPU.Build.0 = Debug|Any CPU
		{B65D7C54-9AA1-4465-B868-3D467DE2F0C8}.Debug|Mixed Platforms.ActiveCfg = Debug|Any CPU
		{B65D7C54-9AA1-4465-B868-3D467DE2F0C8}.Debug|Mixed Platforms.Build.0 = Debug|Any CPU
		{B65D7C54-9AA1-4465-B868-3D467DE2F0C8}.Debug|x86.ActiveCfg = Debug|Any CPU
		{B65D7C54-9AA1-4465-B868-3D467DE2F0C8}.EasyTest|Any CPU.ActiveCfg = Release|Any CPU
		{B65D7C54-9AA1-4465-B868-3D467DE2F0C8}.EasyTest|Any CPU.Build.0 = Release|Any CPU
		{B65D7C54-9AA1-4465-B868-3D467DE2F0C8}.EasyTest|Mixed Platforms.ActiveCfg = Release|Any CPU
		{B65D7C54-9AA1-4465-B868-3D467DE2F0C8}.EasyTest|Mixed Platforms.Build.0 = Release|Any CPU
		{B65D7C54-9AA1-4465-B868-3D467DE2F0C8}.EasyTest|x86.ActiveCfg = Release|Any CPU
		{B65D7C54-9AA1-4465-B868-3D467DE2F0C8}.Release|Any CPU.ActiveCfg = Release|Any CPU
		{B65D7C54-9AA1-4465-B868-3D467DE2F0C8}.Release|Any CPU.Build.0 = Release|Any CPU
		{B65D7C54-9AA1-4465-B868-3D467DE2F0C8}.Release|Mixed Platforms.ActiveCfg = Release|Any CPU
		{B65D7C54-9AA1-4465-B868-3D467DE2F0C8}.Release|Mixed Platforms.Build.0 = Release|Any CPU
		{B65D7C54-9AA1-4465-B868-3D467DE2F0C8}.Release|x86.ActiveCfg = Release|Any CPU
		{9640A048-68CF-4EA1-A5B5-C5FECA6401D6}.Debug|Any CPU.ActiveCfg = Debug|Any CPU
		{9640A048-68CF-4EA1-A5B5-C5FECA6401D6}.Debug|Any CPU.Build.0 = Debug|Any CPU
		{9640A048-68CF-4EA1-A5B5-C5FECA6401D6}.Debug|Mixed Platforms.ActiveCfg = Debug|Any CPU
		{9640A048-68CF-4EA1-A5B5-C5FECA6401D6}.Debug|Mixed Platforms.Build.0 = Debug|Any CPU
		{9640A048-68CF-4EA1-A5B5-C5FECA6401D6}.Debug|x86.ActiveCfg = Debug|Any CPU
		{9640A048-68CF-4EA1-A5B5-C5FECA6401D6}.EasyTest|Any CPU.ActiveCfg = Release|Any CPU
		{9640A048-68CF-4EA1-A5B5-C5FECA6401D6}.EasyTest|Any CPU.Build.0 = Release|Any CPU
		{9640A048-68CF-4EA1-A5B5-C5FECA6401D6}.EasyTest|Mixed Platforms.ActiveCfg = Release|Any CPU
		{9640A048-68CF-4EA1-A5B5-C5FECA6401D6}.EasyTest|Mixed Platforms.Build.0 = Release|Any CPU
		{9640A048-68CF-4EA1-A5B5-C5FECA6401D6}.EasyTest|x86.ActiveCfg = Release|Any CPU
		{9640A048-68CF-4EA1-A5B5-C5FECA6401D6}.Release|Any CPU.ActiveCfg = Release|Any CPU
		{9640A048-68CF-4EA1-A5B5-C5FECA6401D6}.Release|Any CPU.Build.0 = Release|Any CPU
		{9640A048-68CF-4EA1-A5B5-C5FECA6401D6}.Release|Mixed Platforms.ActiveCfg = Release|Any CPU
		{9640A048-68CF-4EA1-A5B5-C5FECA6401D6}.Release|Mixed Platforms.Build.0 = Release|Any CPU
		{9640A048-68CF-4EA1-A5B5-C5FECA6401D6}.Release|x86.ActiveCfg = Release|Any CPU
		{BAEF649A-1250-47AE-8D48-F327E039884B}.Debug|Any CPU.ActiveCfg = Debug|Any CPU
		{BAEF649A-1250-47AE-8D48-F327E039884B}.Debug|Any CPU.Build.0 = Debug|Any CPU
		{BAEF649A-1250-47AE-8D48-F327E039884B}.Debug|Mixed Platforms.ActiveCfg = Debug|Any CPU
		{BAEF649A-1250-47AE-8D48-F327E039884B}.Debug|Mixed Platforms.Build.0 = Debug|Any CPU
		{BAEF649A-1250-47AE-8D48-F327E039884B}.Debug|x86.ActiveCfg = Debug|Any CPU
		{BAEF649A-1250-47AE-8D48-F327E039884B}.EasyTest|Any CPU.ActiveCfg = Release|Any CPU
		{BAEF649A-1250-47AE-8D48-F327E039884B}.EasyTest|Any CPU.Build.0 = Release|Any CPU
		{BAEF649A-1250-47AE-8D48-F327E039884B}.EasyTest|Mixed Platforms.ActiveCfg = Release|Any CPU
		{BAEF649A-1250-47AE-8D48-F327E039884B}.EasyTest|Mixed Platforms.Build.0 = Release|Any CPU
		{BAEF649A-1250-47AE-8D48-F327E039884B}.EasyTest|x86.ActiveCfg = Release|Any CPU
		{BAEF649A-1250-47AE-8D48-F327E039884B}.Release|Any CPU.ActiveCfg = Release|Any CPU
		{BAEF649A-1250-47AE-8D48-F327E039884B}.Release|Any CPU.Build.0 = Release|Any CPU
		{BAEF649A-1250-47AE-8D48-F327E039884B}.Release|Mixed Platforms.ActiveCfg = Release|Any CPU
		{BAEF649A-1250-47AE-8D48-F327E039884B}.Release|Mixed Platforms.Build.0 = Release|Any CPU
		{BAEF649A-1250-47AE-8D48-F327E039884B}.Release|x86.ActiveCfg = Release|Any CPU
		{BF784908-C57F-47EF-AA21-41A555EB7AB5}.Debug|Any CPU.ActiveCfg = Debug|Any CPU
		{BF784908-C57F-47EF-AA21-41A555EB7AB5}.Debug|Any CPU.Build.0 = Debug|Any CPU
		{BF784908-C57F-47EF-AA21-41A555EB7AB5}.Debug|Mixed Platforms.ActiveCfg = Debug|Any CPU
		{BF784908-C57F-47EF-AA21-41A555EB7AB5}.Debug|Mixed Platforms.Build.0 = Debug|Any CPU
		{BF784908-C57F-47EF-AA21-41A555EB7AB5}.Debug|x86.ActiveCfg = Debug|Any CPU
		{BF784908-C57F-47EF-AA21-41A555EB7AB5}.EasyTest|Any CPU.ActiveCfg = Release|Any CPU
		{BF784908-C57F-47EF-AA21-41A555EB7AB5}.EasyTest|Any CPU.Build.0 = Release|Any CPU
		{BF784908-C57F-47EF-AA21-41A555EB7AB5}.EasyTest|Mixed Platforms.ActiveCfg = Release|Any CPU
		{BF784908-C57F-47EF-AA21-41A555EB7AB5}.EasyTest|Mixed Platforms.Build.0 = Release|Any CPU
		{BF784908-C57F-47EF-AA21-41A555EB7AB5}.EasyTest|x86.ActiveCfg = Release|Any CPU
		{BF784908-C57F-47EF-AA21-41A555EB7AB5}.Release|Any CPU.ActiveCfg = Release|Any CPU
		{BF784908-C57F-47EF-AA21-41A555EB7AB5}.Release|Any CPU.Build.0 = Release|Any CPU
		{BF784908-C57F-47EF-AA21-41A555EB7AB5}.Release|Mixed Platforms.ActiveCfg = Release|Any CPU
		{BF784908-C57F-47EF-AA21-41A555EB7AB5}.Release|Mixed Platforms.Build.0 = Release|Any CPU
		{BF784908-C57F-47EF-AA21-41A555EB7AB5}.Release|x86.ActiveCfg = Release|Any CPU
		{0F8C60A2-5972-428C-A565-86A5AEE24551}.Debug|Any CPU.ActiveCfg = Debug|Any CPU
		{0F8C60A2-5972-428C-A565-86A5AEE24551}.Debug|Any CPU.Build.0 = Debug|Any CPU
		{0F8C60A2-5972-428C-A565-86A5AEE24551}.Debug|Mixed Platforms.ActiveCfg = Debug|Any CPU
		{0F8C60A2-5972-428C-A565-86A5AEE24551}.Debug|Mixed Platforms.Build.0 = Debug|Any CPU
		{0F8C60A2-5972-428C-A565-86A5AEE24551}.Debug|x86.ActiveCfg = Debug|Any CPU
		{0F8C60A2-5972-428C-A565-86A5AEE24551}.EasyTest|Any CPU.ActiveCfg = Release|Any CPU
		{0F8C60A2-5972-428C-A565-86A5AEE24551}.EasyTest|Any CPU.Build.0 = Release|Any CPU
		{0F8C60A2-5972-428C-A565-86A5AEE24551}.EasyTest|Mixed Platforms.ActiveCfg = Release|Any CPU
		{0F8C60A2-5972-428C-A565-86A5AEE24551}.EasyTest|Mixed Platforms.Build.0 = Release|Any CPU
		{0F8C60A2-5972-428C-A565-86A5AEE24551}.EasyTest|x86.ActiveCfg = Release|Any CPU
		{0F8C60A2-5972-428C-A565-86A5AEE24551}.Release|Any CPU.ActiveCfg = Release|Any CPU
		{0F8C60A2-5972-428C-A565-86A5AEE24551}.Release|Any CPU.Build.0 = Release|Any CPU
		{0F8C60A2-5972-428C-A565-86A5AEE24551}.Release|Mixed Platforms.ActiveCfg = Release|Any CPU
		{0F8C60A2-5972-428C-A565-86A5AEE24551}.Release|Mixed Platforms.Build.0 = Release|Any CPU
		{0F8C60A2-5972-428C-A565-86A5AEE24551}.Release|x86.ActiveCfg = Release|Any CPU
		{346A52B6-4EB0-4BD3-B3A0-DBC38E88A90D}.Debug|Any CPU.ActiveCfg = Debug|Any CPU
		{346A52B6-4EB0-4BD3-B3A0-DBC38E88A90D}.Debug|Any CPU.Build.0 = Debug|Any CPU
		{346A52B6-4EB0-4BD3-B3A0-DBC38E88A90D}.Debug|Mixed Platforms.ActiveCfg = Debug|Any CPU
		{346A52B6-4EB0-4BD3-B3A0-DBC38E88A90D}.Debug|Mixed Platforms.Build.0 = Debug|Any CPU
		{346A52B6-4EB0-4BD3-B3A0-DBC38E88A90D}.Debug|x86.ActiveCfg = Debug|Any CPU
		{346A52B6-4EB0-4BD3-B3A0-DBC38E88A90D}.EasyTest|Any CPU.ActiveCfg = Release|Any CPU
		{346A52B6-4EB0-4BD3-B3A0-DBC38E88A90D}.EasyTest|Any CPU.Build.0 = Release|Any CPU
		{346A52B6-4EB0-4BD3-B3A0-DBC38E88A90D}.EasyTest|Mixed Platforms.ActiveCfg = Release|Any CPU
		{346A52B6-4EB0-4BD3-B3A0-DBC38E88A90D}.EasyTest|Mixed Platforms.Build.0 = Release|Any CPU
		{346A52B6-4EB0-4BD3-B3A0-DBC38E88A90D}.EasyTest|x86.ActiveCfg = Release|Any CPU
		{346A52B6-4EB0-4BD3-B3A0-DBC38E88A90D}.Release|Any CPU.ActiveCfg = Release|Any CPU
		{346A52B6-4EB0-4BD3-B3A0-DBC38E88A90D}.Release|Any CPU.Build.0 = Release|Any CPU
		{346A52B6-4EB0-4BD3-B3A0-DBC38E88A90D}.Release|Mixed Platforms.ActiveCfg = Release|Any CPU
		{346A52B6-4EB0-4BD3-B3A0-DBC38E88A90D}.Release|Mixed Platforms.Build.0 = Release|Any CPU
		{346A52B6-4EB0-4BD3-B3A0-DBC38E88A90D}.Release|x86.ActiveCfg = Release|Any CPU
		{3AC7F02F-D4E9-4D36-BEDA-0284668D4F0E}.Debug|Any CPU.ActiveCfg = Debug|Any CPU
		{3AC7F02F-D4E9-4D36-BEDA-0284668D4F0E}.Debug|Any CPU.Build.0 = Debug|Any CPU
		{3AC7F02F-D4E9-4D36-BEDA-0284668D4F0E}.Debug|Mixed Platforms.ActiveCfg = Debug|Any CPU
		{3AC7F02F-D4E9-4D36-BEDA-0284668D4F0E}.Debug|Mixed Platforms.Build.0 = Debug|Any CPU
		{3AC7F02F-D4E9-4D36-BEDA-0284668D4F0E}.Debug|x86.ActiveCfg = Debug|Any CPU
		{3AC7F02F-D4E9-4D36-BEDA-0284668D4F0E}.EasyTest|Any CPU.ActiveCfg = Release|Any CPU
		{3AC7F02F-D4E9-4D36-BEDA-0284668D4F0E}.EasyTest|Any CPU.Build.0 = Release|Any CPU
		{3AC7F02F-D4E9-4D36-BEDA-0284668D4F0E}.EasyTest|Mixed Platforms.ActiveCfg = Release|Any CPU
		{3AC7F02F-D4E9-4D36-BEDA-0284668D4F0E}.EasyTest|Mixed Platforms.Build.0 = Release|Any CPU
		{3AC7F02F-D4E9-4D36-BEDA-0284668D4F0E}.EasyTest|x86.ActiveCfg = Release|Any CPU
		{3AC7F02F-D4E9-4D36-BEDA-0284668D4F0E}.Release|Any CPU.ActiveCfg = Release|Any CPU
		{3AC7F02F-D4E9-4D36-BEDA-0284668D4F0E}.Release|Any CPU.Build.0 = Release|Any CPU
		{3AC7F02F-D4E9-4D36-BEDA-0284668D4F0E}.Release|Mixed Platforms.ActiveCfg = Release|Any CPU
		{3AC7F02F-D4E9-4D36-BEDA-0284668D4F0E}.Release|Mixed Platforms.Build.0 = Release|Any CPU
		{3AC7F02F-D4E9-4D36-BEDA-0284668D4F0E}.Release|x86.ActiveCfg = Release|Any CPU
		{25FA6546-A5FA-4560-8C6F-05ED15701FE9}.Debug|Any CPU.ActiveCfg = Debug|Any CPU
		{25FA6546-A5FA-4560-8C6F-05ED15701FE9}.Debug|Any CPU.Build.0 = Debug|Any CPU
		{25FA6546-A5FA-4560-8C6F-05ED15701FE9}.Debug|Mixed Platforms.ActiveCfg = Debug|Any CPU
		{25FA6546-A5FA-4560-8C6F-05ED15701FE9}.Debug|Mixed Platforms.Build.0 = Debug|Any CPU
		{25FA6546-A5FA-4560-8C6F-05ED15701FE9}.Debug|x86.ActiveCfg = Debug|Any CPU
		{25FA6546-A5FA-4560-8C6F-05ED15701FE9}.EasyTest|Any CPU.ActiveCfg = Release|Any CPU
		{25FA6546-A5FA-4560-8C6F-05ED15701FE9}.EasyTest|Any CPU.Build.0 = Release|Any CPU
		{25FA6546-A5FA-4560-8C6F-05ED15701FE9}.EasyTest|Mixed Platforms.ActiveCfg = Release|Any CPU
		{25FA6546-A5FA-4560-8C6F-05ED15701FE9}.EasyTest|Mixed Platforms.Build.0 = Release|Any CPU
		{25FA6546-A5FA-4560-8C6F-05ED15701FE9}.EasyTest|x86.ActiveCfg = Release|Any CPU
		{25FA6546-A5FA-4560-8C6F-05ED15701FE9}.Release|Any CPU.ActiveCfg = Release|Any CPU
		{25FA6546-A5FA-4560-8C6F-05ED15701FE9}.Release|Any CPU.Build.0 = Release|Any CPU
		{25FA6546-A5FA-4560-8C6F-05ED15701FE9}.Release|Mixed Platforms.ActiveCfg = Release|Any CPU
		{25FA6546-A5FA-4560-8C6F-05ED15701FE9}.Release|Mixed Platforms.Build.0 = Release|Any CPU
		{25FA6546-A5FA-4560-8C6F-05ED15701FE9}.Release|x86.ActiveCfg = Release|Any CPU
		{F0FDED8E-AC75-4FA1-AD69-85F3B0432B95}.Debug|Any CPU.ActiveCfg = Debug|Any CPU
		{F0FDED8E-AC75-4FA1-AD69-85F3B0432B95}.Debug|Any CPU.Build.0 = Debug|Any CPU
		{F0FDED8E-AC75-4FA1-AD69-85F3B0432B95}.Debug|Mixed Platforms.ActiveCfg = Debug|Any CPU
		{F0FDED8E-AC75-4FA1-AD69-85F3B0432B95}.Debug|Mixed Platforms.Build.0 = Debug|Any CPU
		{F0FDED8E-AC75-4FA1-AD69-85F3B0432B95}.Debug|x86.ActiveCfg = Debug|Any CPU
		{F0FDED8E-AC75-4FA1-AD69-85F3B0432B95}.EasyTest|Any CPU.ActiveCfg = Release|Any CPU
		{F0FDED8E-AC75-4FA1-AD69-85F3B0432B95}.EasyTest|Any CPU.Build.0 = Release|Any CPU
		{F0FDED8E-AC75-4FA1-AD69-85F3B0432B95}.EasyTest|Mixed Platforms.ActiveCfg = Release|Any CPU
		{F0FDED8E-AC75-4FA1-AD69-85F3B0432B95}.EasyTest|Mixed Platforms.Build.0 = Release|Any CPU
		{F0FDED8E-AC75-4FA1-AD69-85F3B0432B95}.EasyTest|x86.ActiveCfg = Release|Any CPU
		{F0FDED8E-AC75-4FA1-AD69-85F3B0432B95}.Release|Any CPU.ActiveCfg = Release|Any CPU
		{F0FDED8E-AC75-4FA1-AD69-85F3B0432B95}.Release|Any CPU.Build.0 = Release|Any CPU
		{F0FDED8E-AC75-4FA1-AD69-85F3B0432B95}.Release|Mixed Platforms.ActiveCfg = Release|Any CPU
		{F0FDED8E-AC75-4FA1-AD69-85F3B0432B95}.Release|Mixed Platforms.Build.0 = Release|Any CPU
		{F0FDED8E-AC75-4FA1-AD69-85F3B0432B95}.Release|x86.ActiveCfg = Release|Any CPU
		{DD5FD22C-41DF-4BBD-8DFF-5B45FD47803E}.Debug|Any CPU.ActiveCfg = Debug|Any CPU
		{DD5FD22C-41DF-4BBD-8DFF-5B45FD47803E}.Debug|Any CPU.Build.0 = Debug|Any CPU
		{DD5FD22C-41DF-4BBD-8DFF-5B45FD47803E}.Debug|Mixed Platforms.ActiveCfg = Debug|Any CPU
		{DD5FD22C-41DF-4BBD-8DFF-5B45FD47803E}.Debug|Mixed Platforms.Build.0 = Debug|Any CPU
		{DD5FD22C-41DF-4BBD-8DFF-5B45FD47803E}.Debug|x86.ActiveCfg = Debug|Any CPU
		{DD5FD22C-41DF-4BBD-8DFF-5B45FD47803E}.EasyTest|Any CPU.ActiveCfg = Release|Any CPU
		{DD5FD22C-41DF-4BBD-8DFF-5B45FD47803E}.EasyTest|Any CPU.Build.0 = Release|Any CPU
		{DD5FD22C-41DF-4BBD-8DFF-5B45FD47803E}.EasyTest|Mixed Platforms.ActiveCfg = Release|Any CPU
		{DD5FD22C-41DF-4BBD-8DFF-5B45FD47803E}.EasyTest|Mixed Platforms.Build.0 = Release|Any CPU
		{DD5FD22C-41DF-4BBD-8DFF-5B45FD47803E}.EasyTest|x86.ActiveCfg = Release|Any CPU
		{DD5FD22C-41DF-4BBD-8DFF-5B45FD47803E}.Release|Any CPU.ActiveCfg = Release|Any CPU
		{DD5FD22C-41DF-4BBD-8DFF-5B45FD47803E}.Release|Any CPU.Build.0 = Release|Any CPU
		{DD5FD22C-41DF-4BBD-8DFF-5B45FD47803E}.Release|Mixed Platforms.ActiveCfg = Release|Any CPU
		{DD5FD22C-41DF-4BBD-8DFF-5B45FD47803E}.Release|Mixed Platforms.Build.0 = Release|Any CPU
		{DD5FD22C-41DF-4BBD-8DFF-5B45FD47803E}.Release|x86.ActiveCfg = Release|Any CPU
		{65288B06-E603-4F99-A82A-5CC1B31D5A40}.Debug|Any CPU.ActiveCfg = Debug|Any CPU
		{65288B06-E603-4F99-A82A-5CC1B31D5A40}.Debug|Any CPU.Build.0 = Debug|Any CPU
		{65288B06-E603-4F99-A82A-5CC1B31D5A40}.Debug|Mixed Platforms.ActiveCfg = Debug|Any CPU
		{65288B06-E603-4F99-A82A-5CC1B31D5A40}.Debug|Mixed Platforms.Build.0 = Debug|Any CPU
		{65288B06-E603-4F99-A82A-5CC1B31D5A40}.Debug|x86.ActiveCfg = Debug|Any CPU
		{65288B06-E603-4F99-A82A-5CC1B31D5A40}.EasyTest|Any CPU.ActiveCfg = Release|Any CPU
		{65288B06-E603-4F99-A82A-5CC1B31D5A40}.EasyTest|Any CPU.Build.0 = Release|Any CPU
		{65288B06-E603-4F99-A82A-5CC1B31D5A40}.EasyTest|Mixed Platforms.ActiveCfg = Release|Any CPU
		{65288B06-E603-4F99-A82A-5CC1B31D5A40}.EasyTest|Mixed Platforms.Build.0 = Release|Any CPU
		{65288B06-E603-4F99-A82A-5CC1B31D5A40}.EasyTest|x86.ActiveCfg = Release|Any CPU
		{65288B06-E603-4F99-A82A-5CC1B31D5A40}.Release|Any CPU.ActiveCfg = Release|Any CPU
		{65288B06-E603-4F99-A82A-5CC1B31D5A40}.Release|Any CPU.Build.0 = Release|Any CPU
		{65288B06-E603-4F99-A82A-5CC1B31D5A40}.Release|Mixed Platforms.ActiveCfg = Release|Any CPU
		{65288B06-E603-4F99-A82A-5CC1B31D5A40}.Release|Mixed Platforms.Build.0 = Release|Any CPU
		{65288B06-E603-4F99-A82A-5CC1B31D5A40}.Release|x86.ActiveCfg = Release|Any CPU
		{AA72DB2B-EFD3-47E7-B521-BE8BB393536C}.Debug|Any CPU.ActiveCfg = Debug|Any CPU
		{AA72DB2B-EFD3-47E7-B521-BE8BB393536C}.Debug|Any CPU.Build.0 = Debug|Any CPU
		{AA72DB2B-EFD3-47E7-B521-BE8BB393536C}.Debug|Mixed Platforms.ActiveCfg = Debug|Any CPU
		{AA72DB2B-EFD3-47E7-B521-BE8BB393536C}.Debug|Mixed Platforms.Build.0 = Debug|Any CPU
		{AA72DB2B-EFD3-47E7-B521-BE8BB393536C}.Debug|x86.ActiveCfg = Debug|Any CPU
		{AA72DB2B-EFD3-47E7-B521-BE8BB393536C}.EasyTest|Any CPU.ActiveCfg = Release|Any CPU
		{AA72DB2B-EFD3-47E7-B521-BE8BB393536C}.EasyTest|Any CPU.Build.0 = Release|Any CPU
		{AA72DB2B-EFD3-47E7-B521-BE8BB393536C}.EasyTest|Mixed Platforms.ActiveCfg = Release|Any CPU
		{AA72DB2B-EFD3-47E7-B521-BE8BB393536C}.EasyTest|Mixed Platforms.Build.0 = Release|Any CPU
		{AA72DB2B-EFD3-47E7-B521-BE8BB393536C}.EasyTest|x86.ActiveCfg = Release|Any CPU
		{AA72DB2B-EFD3-47E7-B521-BE8BB393536C}.Release|Any CPU.ActiveCfg = Release|Any CPU
		{AA72DB2B-EFD3-47E7-B521-BE8BB393536C}.Release|Any CPU.Build.0 = Release|Any CPU
		{AA72DB2B-EFD3-47E7-B521-BE8BB393536C}.Release|Mixed Platforms.ActiveCfg = Release|Any CPU
		{AA72DB2B-EFD3-47E7-B521-BE8BB393536C}.Release|Mixed Platforms.Build.0 = Release|Any CPU
		{AA72DB2B-EFD3-47E7-B521-BE8BB393536C}.Release|x86.ActiveCfg = Release|Any CPU
		{4B85DA7B-6AA2-4A2F-BEB1-6F947FCF0410}.Debug|Any CPU.ActiveCfg = Debug|Any CPU
		{4B85DA7B-6AA2-4A2F-BEB1-6F947FCF0410}.Debug|Any CPU.Build.0 = Debug|Any CPU
		{4B85DA7B-6AA2-4A2F-BEB1-6F947FCF0410}.Debug|Mixed Platforms.ActiveCfg = Debug|Any CPU
		{4B85DA7B-6AA2-4A2F-BEB1-6F947FCF0410}.Debug|Mixed Platforms.Build.0 = Debug|Any CPU
		{4B85DA7B-6AA2-4A2F-BEB1-6F947FCF0410}.Debug|x86.ActiveCfg = Debug|Any CPU
		{4B85DA7B-6AA2-4A2F-BEB1-6F947FCF0410}.EasyTest|Any CPU.ActiveCfg = Release|Any CPU
		{4B85DA7B-6AA2-4A2F-BEB1-6F947FCF0410}.EasyTest|Any CPU.Build.0 = Release|Any CPU
		{4B85DA7B-6AA2-4A2F-BEB1-6F947FCF0410}.EasyTest|Mixed Platforms.ActiveCfg = Release|Any CPU
		{4B85DA7B-6AA2-4A2F-BEB1-6F947FCF0410}.EasyTest|Mixed Platforms.Build.0 = Release|Any CPU
		{4B85DA7B-6AA2-4A2F-BEB1-6F947FCF0410}.EasyTest|x86.ActiveCfg = Release|Any CPU
		{4B85DA7B-6AA2-4A2F-BEB1-6F947FCF0410}.Release|Any CPU.ActiveCfg = Release|Any CPU
		{4B85DA7B-6AA2-4A2F-BEB1-6F947FCF0410}.Release|Any CPU.Build.0 = Release|Any CPU
		{4B85DA7B-6AA2-4A2F-BEB1-6F947FCF0410}.Release|Mixed Platforms.ActiveCfg = Release|Any CPU
		{4B85DA7B-6AA2-4A2F-BEB1-6F947FCF0410}.Release|Mixed Platforms.Build.0 = Release|Any CPU
		{4B85DA7B-6AA2-4A2F-BEB1-6F947FCF0410}.Release|x86.ActiveCfg = Release|Any CPU
		{6F0DDBB7-2DA5-4A1C-96CE-9B384D6C06E1}.Debug|Any CPU.ActiveCfg = Debug|Any CPU
		{6F0DDBB7-2DA5-4A1C-96CE-9B384D6C06E1}.Debug|Any CPU.Build.0 = Debug|Any CPU
		{6F0DDBB7-2DA5-4A1C-96CE-9B384D6C06E1}.Debug|Mixed Platforms.ActiveCfg = Debug|Any CPU
		{6F0DDBB7-2DA5-4A1C-96CE-9B384D6C06E1}.Debug|Mixed Platforms.Build.0 = Debug|Any CPU
		{6F0DDBB7-2DA5-4A1C-96CE-9B384D6C06E1}.Debug|x86.ActiveCfg = Debug|Any CPU
		{6F0DDBB7-2DA5-4A1C-96CE-9B384D6C06E1}.EasyTest|Any CPU.ActiveCfg = Release|Any CPU
		{6F0DDBB7-2DA5-4A1C-96CE-9B384D6C06E1}.EasyTest|Any CPU.Build.0 = Release|Any CPU
		{6F0DDBB7-2DA5-4A1C-96CE-9B384D6C06E1}.EasyTest|Mixed Platforms.ActiveCfg = Release|Any CPU
		{6F0DDBB7-2DA5-4A1C-96CE-9B384D6C06E1}.EasyTest|Mixed Platforms.Build.0 = Release|Any CPU
		{6F0DDBB7-2DA5-4A1C-96CE-9B384D6C06E1}.EasyTest|x86.ActiveCfg = Release|Any CPU
		{6F0DDBB7-2DA5-4A1C-96CE-9B384D6C06E1}.Release|Any CPU.ActiveCfg = Release|Any CPU
		{6F0DDBB7-2DA5-4A1C-96CE-9B384D6C06E1}.Release|Any CPU.Build.0 = Release|Any CPU
		{6F0DDBB7-2DA5-4A1C-96CE-9B384D6C06E1}.Release|Mixed Platforms.ActiveCfg = Release|Any CPU
		{6F0DDBB7-2DA5-4A1C-96CE-9B384D6C06E1}.Release|Mixed Platforms.Build.0 = Release|Any CPU
		{6F0DDBB7-2DA5-4A1C-96CE-9B384D6C06E1}.Release|x86.ActiveCfg = Release|Any CPU
		{3DC11587-DA06-4960-832D-3804216EBD99}.Debug|Any CPU.ActiveCfg = Debug|Any CPU
		{3DC11587-DA06-4960-832D-3804216EBD99}.Debug|Any CPU.Build.0 = Debug|Any CPU
		{3DC11587-DA06-4960-832D-3804216EBD99}.Debug|Mixed Platforms.ActiveCfg = Debug|Any CPU
		{3DC11587-DA06-4960-832D-3804216EBD99}.Debug|Mixed Platforms.Build.0 = Debug|Any CPU
		{3DC11587-DA06-4960-832D-3804216EBD99}.Debug|x86.ActiveCfg = Debug|Any CPU
		{3DC11587-DA06-4960-832D-3804216EBD99}.EasyTest|Any CPU.ActiveCfg = Release|Any CPU
		{3DC11587-DA06-4960-832D-3804216EBD99}.EasyTest|Any CPU.Build.0 = Release|Any CPU
		{3DC11587-DA06-4960-832D-3804216EBD99}.EasyTest|Mixed Platforms.ActiveCfg = Release|Any CPU
		{3DC11587-DA06-4960-832D-3804216EBD99}.EasyTest|Mixed Platforms.Build.0 = Release|Any CPU
		{3DC11587-DA06-4960-832D-3804216EBD99}.EasyTest|x86.ActiveCfg = Release|Any CPU
		{3DC11587-DA06-4960-832D-3804216EBD99}.Release|Any CPU.ActiveCfg = Release|Any CPU
		{3DC11587-DA06-4960-832D-3804216EBD99}.Release|Any CPU.Build.0 = Release|Any CPU
		{3DC11587-DA06-4960-832D-3804216EBD99}.Release|Mixed Platforms.ActiveCfg = Release|Any CPU
		{3DC11587-DA06-4960-832D-3804216EBD99}.Release|Mixed Platforms.Build.0 = Release|Any CPU
		{3DC11587-DA06-4960-832D-3804216EBD99}.Release|x86.ActiveCfg = Release|Any CPU
		{E4E43CBD-FB2C-40D1-A563-6AFA26C782D8}.Debug|Any CPU.ActiveCfg = Debug|Any CPU
		{E4E43CBD-FB2C-40D1-A563-6AFA26C782D8}.Debug|Any CPU.Build.0 = Debug|Any CPU
		{E4E43CBD-FB2C-40D1-A563-6AFA26C782D8}.Debug|Mixed Platforms.ActiveCfg = Debug|Any CPU
		{E4E43CBD-FB2C-40D1-A563-6AFA26C782D8}.Debug|Mixed Platforms.Build.0 = Debug|Any CPU
		{E4E43CBD-FB2C-40D1-A563-6AFA26C782D8}.Debug|x86.ActiveCfg = Debug|Any CPU
		{E4E43CBD-FB2C-40D1-A563-6AFA26C782D8}.EasyTest|Any CPU.ActiveCfg = Release|Any CPU
		{E4E43CBD-FB2C-40D1-A563-6AFA26C782D8}.EasyTest|Any CPU.Build.0 = Release|Any CPU
		{E4E43CBD-FB2C-40D1-A563-6AFA26C782D8}.EasyTest|Mixed Platforms.ActiveCfg = Release|Any CPU
		{E4E43CBD-FB2C-40D1-A563-6AFA26C782D8}.EasyTest|Mixed Platforms.Build.0 = Release|Any CPU
		{E4E43CBD-FB2C-40D1-A563-6AFA26C782D8}.EasyTest|x86.ActiveCfg = Release|Any CPU
		{E4E43CBD-FB2C-40D1-A563-6AFA26C782D8}.Release|Any CPU.ActiveCfg = Release|Any CPU
		{E4E43CBD-FB2C-40D1-A563-6AFA26C782D8}.Release|Any CPU.Build.0 = Release|Any CPU
		{E4E43CBD-FB2C-40D1-A563-6AFA26C782D8}.Release|Mixed Platforms.ActiveCfg = Release|Any CPU
		{E4E43CBD-FB2C-40D1-A563-6AFA26C782D8}.Release|Mixed Platforms.Build.0 = Release|Any CPU
		{E4E43CBD-FB2C-40D1-A563-6AFA26C782D8}.Release|x86.ActiveCfg = Release|Any CPU
		{B8B842CB-8B0E-4D29-8565-C5E9CF7A7F2F}.Debug|Any CPU.ActiveCfg = Debug|Any CPU
		{B8B842CB-8B0E-4D29-8565-C5E9CF7A7F2F}.Debug|Any CPU.Build.0 = Debug|Any CPU
		{B8B842CB-8B0E-4D29-8565-C5E9CF7A7F2F}.Debug|Mixed Platforms.ActiveCfg = Debug|Any CPU
		{B8B842CB-8B0E-4D29-8565-C5E9CF7A7F2F}.Debug|Mixed Platforms.Build.0 = Debug|Any CPU
		{B8B842CB-8B0E-4D29-8565-C5E9CF7A7F2F}.Debug|x86.ActiveCfg = Debug|Any CPU
		{B8B842CB-8B0E-4D29-8565-C5E9CF7A7F2F}.EasyTest|Any CPU.ActiveCfg = Release|Any CPU
		{B8B842CB-8B0E-4D29-8565-C5E9CF7A7F2F}.EasyTest|Any CPU.Build.0 = Release|Any CPU
		{B8B842CB-8B0E-4D29-8565-C5E9CF7A7F2F}.EasyTest|Mixed Platforms.ActiveCfg = Release|Any CPU
		{B8B842CB-8B0E-4D29-8565-C5E9CF7A7F2F}.EasyTest|Mixed Platforms.Build.0 = Release|Any CPU
		{B8B842CB-8B0E-4D29-8565-C5E9CF7A7F2F}.EasyTest|x86.ActiveCfg = Release|Any CPU
		{B8B842CB-8B0E-4D29-8565-C5E9CF7A7F2F}.Release|Any CPU.ActiveCfg = Release|Any CPU
		{B8B842CB-8B0E-4D29-8565-C5E9CF7A7F2F}.Release|Any CPU.Build.0 = Release|Any CPU
		{B8B842CB-8B0E-4D29-8565-C5E9CF7A7F2F}.Release|Mixed Platforms.ActiveCfg = Release|Any CPU
		{B8B842CB-8B0E-4D29-8565-C5E9CF7A7F2F}.Release|Mixed Platforms.Build.0 = Release|Any CPU
		{B8B842CB-8B0E-4D29-8565-C5E9CF7A7F2F}.Release|x86.ActiveCfg = Release|Any CPU
		{87436470-EE45-4D92-986D-E3D360CAAC26}.Debug|Any CPU.ActiveCfg = Debug|Any CPU
		{87436470-EE45-4D92-986D-E3D360CAAC26}.Debug|Any CPU.Build.0 = Debug|Any CPU
		{87436470-EE45-4D92-986D-E3D360CAAC26}.Debug|Mixed Platforms.ActiveCfg = Debug|Any CPU
		{87436470-EE45-4D92-986D-E3D360CAAC26}.Debug|Mixed Platforms.Build.0 = Debug|Any CPU
		{87436470-EE45-4D92-986D-E3D360CAAC26}.Debug|x86.ActiveCfg = Debug|Any CPU
		{87436470-EE45-4D92-986D-E3D360CAAC26}.EasyTest|Any CPU.ActiveCfg = Release|Any CPU
		{87436470-EE45-4D92-986D-E3D360CAAC26}.EasyTest|Any CPU.Build.0 = Release|Any CPU
		{87436470-EE45-4D92-986D-E3D360CAAC26}.EasyTest|Mixed Platforms.ActiveCfg = Release|Any CPU
		{87436470-EE45-4D92-986D-E3D360CAAC26}.EasyTest|Mixed Platforms.Build.0 = Release|Any CPU
		{87436470-EE45-4D92-986D-E3D360CAAC26}.EasyTest|x86.ActiveCfg = Release|Any CPU
		{87436470-EE45-4D92-986D-E3D360CAAC26}.Release|Any CPU.ActiveCfg = Release|Any CPU
		{87436470-EE45-4D92-986D-E3D360CAAC26}.Release|Any CPU.Build.0 = Release|Any CPU
		{87436470-EE45-4D92-986D-E3D360CAAC26}.Release|Mixed Platforms.ActiveCfg = Release|Any CPU
		{87436470-EE45-4D92-986D-E3D360CAAC26}.Release|Mixed Platforms.Build.0 = Release|Any CPU
		{87436470-EE45-4D92-986D-E3D360CAAC26}.Release|x86.ActiveCfg = Release|Any CPU
		{635EAF73-3632-47D4-B9B3-69FAACEEA104}.Debug|Any CPU.ActiveCfg = Debug|Any CPU
		{635EAF73-3632-47D4-B9B3-69FAACEEA104}.Debug|Any CPU.Build.0 = Debug|Any CPU
		{635EAF73-3632-47D4-B9B3-69FAACEEA104}.Debug|Mixed Platforms.ActiveCfg = Debug|Any CPU
		{635EAF73-3632-47D4-B9B3-69FAACEEA104}.Debug|Mixed Platforms.Build.0 = Debug|Any CPU
		{635EAF73-3632-47D4-B9B3-69FAACEEA104}.Debug|x86.ActiveCfg = Debug|Any CPU
		{635EAF73-3632-47D4-B9B3-69FAACEEA104}.EasyTest|Any CPU.ActiveCfg = Release|Any CPU
		{635EAF73-3632-47D4-B9B3-69FAACEEA104}.EasyTest|Any CPU.Build.0 = Release|Any CPU
		{635EAF73-3632-47D4-B9B3-69FAACEEA104}.EasyTest|Mixed Platforms.ActiveCfg = Release|Any CPU
		{635EAF73-3632-47D4-B9B3-69FAACEEA104}.EasyTest|Mixed Platforms.Build.0 = Release|Any CPU
		{635EAF73-3632-47D4-B9B3-69FAACEEA104}.EasyTest|x86.ActiveCfg = Release|Any CPU
		{635EAF73-3632-47D4-B9B3-69FAACEEA104}.Release|Any CPU.ActiveCfg = Release|Any CPU
		{635EAF73-3632-47D4-B9B3-69FAACEEA104}.Release|Any CPU.Build.0 = Release|Any CPU
		{635EAF73-3632-47D4-B9B3-69FAACEEA104}.Release|Mixed Platforms.ActiveCfg = Release|Any CPU
		{635EAF73-3632-47D4-B9B3-69FAACEEA104}.Release|Mixed Platforms.Build.0 = Release|Any CPU
		{635EAF73-3632-47D4-B9B3-69FAACEEA104}.Release|x86.ActiveCfg = Release|Any CPU
		{93661426-4479-497D-B507-1D9F6E0DEF5B}.Debug|Any CPU.ActiveCfg = Debug|Any CPU
		{93661426-4479-497D-B507-1D9F6E0DEF5B}.Debug|Any CPU.Build.0 = Debug|Any CPU
		{93661426-4479-497D-B507-1D9F6E0DEF5B}.Debug|Mixed Platforms.ActiveCfg = Debug|Any CPU
		{93661426-4479-497D-B507-1D9F6E0DEF5B}.Debug|Mixed Platforms.Build.0 = Debug|Any CPU
		{93661426-4479-497D-B507-1D9F6E0DEF5B}.Debug|x86.ActiveCfg = Debug|Any CPU
		{93661426-4479-497D-B507-1D9F6E0DEF5B}.EasyTest|Any CPU.ActiveCfg = Release|Any CPU
		{93661426-4479-497D-B507-1D9F6E0DEF5B}.EasyTest|Any CPU.Build.0 = Release|Any CPU
		{93661426-4479-497D-B507-1D9F6E0DEF5B}.EasyTest|Mixed Platforms.ActiveCfg = Release|Any CPU
		{93661426-4479-497D-B507-1D9F6E0DEF5B}.EasyTest|Mixed Platforms.Build.0 = Release|Any CPU
		{93661426-4479-497D-B507-1D9F6E0DEF5B}.EasyTest|x86.ActiveCfg = Release|Any CPU
		{93661426-4479-497D-B507-1D9F6E0DEF5B}.Release|Any CPU.ActiveCfg = Release|Any CPU
		{93661426-4479-497D-B507-1D9F6E0DEF5B}.Release|Any CPU.Build.0 = Release|Any CPU
		{93661426-4479-497D-B507-1D9F6E0DEF5B}.Release|Mixed Platforms.ActiveCfg = Release|Any CPU
		{93661426-4479-497D-B507-1D9F6E0DEF5B}.Release|Mixed Platforms.Build.0 = Release|Any CPU
		{93661426-4479-497D-B507-1D9F6E0DEF5B}.Release|x86.ActiveCfg = Release|Any CPU
		{9B205BF8-E185-4DD7-B529-AF8105F40561}.Debug|Any CPU.ActiveCfg = Debug|Any CPU
		{9B205BF8-E185-4DD7-B529-AF8105F40561}.Debug|Any CPU.Build.0 = Debug|Any CPU
		{9B205BF8-E185-4DD7-B529-AF8105F40561}.Debug|Mixed Platforms.ActiveCfg = Debug|Any CPU
		{9B205BF8-E185-4DD7-B529-AF8105F40561}.Debug|Mixed Platforms.Build.0 = Debug|Any CPU
		{9B205BF8-E185-4DD7-B529-AF8105F40561}.Debug|x86.ActiveCfg = Debug|Any CPU
		{9B205BF8-E185-4DD7-B529-AF8105F40561}.EasyTest|Any CPU.ActiveCfg = Release|Any CPU
		{9B205BF8-E185-4DD7-B529-AF8105F40561}.EasyTest|Any CPU.Build.0 = Release|Any CPU
		{9B205BF8-E185-4DD7-B529-AF8105F40561}.EasyTest|Mixed Platforms.ActiveCfg = Release|Any CPU
		{9B205BF8-E185-4DD7-B529-AF8105F40561}.EasyTest|Mixed Platforms.Build.0 = Release|Any CPU
		{9B205BF8-E185-4DD7-B529-AF8105F40561}.EasyTest|x86.ActiveCfg = Release|Any CPU
		{9B205BF8-E185-4DD7-B529-AF8105F40561}.Release|Any CPU.ActiveCfg = Release|Any CPU
		{9B205BF8-E185-4DD7-B529-AF8105F40561}.Release|Any CPU.Build.0 = Release|Any CPU
		{9B205BF8-E185-4DD7-B529-AF8105F40561}.Release|Mixed Platforms.ActiveCfg = Release|Any CPU
		{9B205BF8-E185-4DD7-B529-AF8105F40561}.Release|Mixed Platforms.Build.0 = Release|Any CPU
		{9B205BF8-E185-4DD7-B529-AF8105F40561}.Release|x86.ActiveCfg = Release|Any CPU
		{4362A23E-39B0-47C7-9F01-CEC963FA7E9C}.Debug|Any CPU.ActiveCfg = Debug|Any CPU
		{4362A23E-39B0-47C7-9F01-CEC963FA7E9C}.Debug|Any CPU.Build.0 = Debug|Any CPU
		{4362A23E-39B0-47C7-9F01-CEC963FA7E9C}.Debug|Mixed Platforms.ActiveCfg = Debug|Any CPU
		{4362A23E-39B0-47C7-9F01-CEC963FA7E9C}.Debug|Mixed Platforms.Build.0 = Debug|Any CPU
		{4362A23E-39B0-47C7-9F01-CEC963FA7E9C}.Debug|x86.ActiveCfg = Debug|Any CPU
		{4362A23E-39B0-47C7-9F01-CEC963FA7E9C}.EasyTest|Any CPU.ActiveCfg = Release|Any CPU
		{4362A23E-39B0-47C7-9F01-CEC963FA7E9C}.EasyTest|Any CPU.Build.0 = Release|Any CPU
		{4362A23E-39B0-47C7-9F01-CEC963FA7E9C}.EasyTest|Mixed Platforms.ActiveCfg = Release|Any CPU
		{4362A23E-39B0-47C7-9F01-CEC963FA7E9C}.EasyTest|Mixed Platforms.Build.0 = Release|Any CPU
		{4362A23E-39B0-47C7-9F01-CEC963FA7E9C}.EasyTest|x86.ActiveCfg = Release|Any CPU
		{4362A23E-39B0-47C7-9F01-CEC963FA7E9C}.Release|Any CPU.ActiveCfg = Release|Any CPU
		{4362A23E-39B0-47C7-9F01-CEC963FA7E9C}.Release|Any CPU.Build.0 = Release|Any CPU
		{4362A23E-39B0-47C7-9F01-CEC963FA7E9C}.Release|Mixed Platforms.ActiveCfg = Release|Any CPU
		{4362A23E-39B0-47C7-9F01-CEC963FA7E9C}.Release|Mixed Platforms.Build.0 = Release|Any CPU
		{4362A23E-39B0-47C7-9F01-CEC963FA7E9C}.Release|x86.ActiveCfg = Release|Any CPU
		{AB0F2C52-1057-4878-93CE-476073F0CCFC}.Debug|Any CPU.ActiveCfg = Debug|Any CPU
		{AB0F2C52-1057-4878-93CE-476073F0CCFC}.Debug|Any CPU.Build.0 = Debug|Any CPU
		{AB0F2C52-1057-4878-93CE-476073F0CCFC}.Debug|Mixed Platforms.ActiveCfg = Debug|Any CPU
		{AB0F2C52-1057-4878-93CE-476073F0CCFC}.Debug|Mixed Platforms.Build.0 = Debug|Any CPU
		{AB0F2C52-1057-4878-93CE-476073F0CCFC}.Debug|x86.ActiveCfg = Debug|Any CPU
		{AB0F2C52-1057-4878-93CE-476073F0CCFC}.EasyTest|Any CPU.ActiveCfg = Release|Any CPU
		{AB0F2C52-1057-4878-93CE-476073F0CCFC}.EasyTest|Any CPU.Build.0 = Release|Any CPU
		{AB0F2C52-1057-4878-93CE-476073F0CCFC}.EasyTest|Mixed Platforms.ActiveCfg = Release|Any CPU
		{AB0F2C52-1057-4878-93CE-476073F0CCFC}.EasyTest|Mixed Platforms.Build.0 = Release|Any CPU
		{AB0F2C52-1057-4878-93CE-476073F0CCFC}.EasyTest|x86.ActiveCfg = Release|Any CPU
		{AB0F2C52-1057-4878-93CE-476073F0CCFC}.Release|Any CPU.ActiveCfg = Release|Any CPU
		{AB0F2C52-1057-4878-93CE-476073F0CCFC}.Release|Any CPU.Build.0 = Release|Any CPU
		{AB0F2C52-1057-4878-93CE-476073F0CCFC}.Release|Mixed Platforms.ActiveCfg = Release|Any CPU
		{AB0F2C52-1057-4878-93CE-476073F0CCFC}.Release|Mixed Platforms.Build.0 = Release|Any CPU
		{AB0F2C52-1057-4878-93CE-476073F0CCFC}.Release|x86.ActiveCfg = Release|Any CPU
		{BD1C31B2-CBD8-47FB-A936-64165721C658}.Debug|Any CPU.ActiveCfg = Debug|Any CPU
		{BD1C31B2-CBD8-47FB-A936-64165721C658}.Debug|Any CPU.Build.0 = Debug|Any CPU
		{BD1C31B2-CBD8-47FB-A936-64165721C658}.Debug|Mixed Platforms.ActiveCfg = Debug|Any CPU
		{BD1C31B2-CBD8-47FB-A936-64165721C658}.Debug|Mixed Platforms.Build.0 = Debug|Any CPU
		{BD1C31B2-CBD8-47FB-A936-64165721C658}.Debug|x86.ActiveCfg = Debug|Any CPU
		{BD1C31B2-CBD8-47FB-A936-64165721C658}.EasyTest|Any CPU.ActiveCfg = Release|Any CPU
		{BD1C31B2-CBD8-47FB-A936-64165721C658}.EasyTest|Any CPU.Build.0 = Release|Any CPU
		{BD1C31B2-CBD8-47FB-A936-64165721C658}.EasyTest|Mixed Platforms.ActiveCfg = Release|Any CPU
		{BD1C31B2-CBD8-47FB-A936-64165721C658}.EasyTest|Mixed Platforms.Build.0 = Release|Any CPU
		{BD1C31B2-CBD8-47FB-A936-64165721C658}.EasyTest|x86.ActiveCfg = Release|Any CPU
		{BD1C31B2-CBD8-47FB-A936-64165721C658}.Release|Any CPU.ActiveCfg = Release|Any CPU
		{BD1C31B2-CBD8-47FB-A936-64165721C658}.Release|Any CPU.Build.0 = Release|Any CPU
		{BD1C31B2-CBD8-47FB-A936-64165721C658}.Release|Mixed Platforms.ActiveCfg = Release|Any CPU
		{BD1C31B2-CBD8-47FB-A936-64165721C658}.Release|Mixed Platforms.Build.0 = Release|Any CPU
		{BD1C31B2-CBD8-47FB-A936-64165721C658}.Release|x86.ActiveCfg = Release|Any CPU
		{45D86E41-82F8-42AA-8E89-79F6FEAB7209}.Debug|Any CPU.ActiveCfg = Debug|Any CPU
		{45D86E41-82F8-42AA-8E89-79F6FEAB7209}.Debug|Any CPU.Build.0 = Debug|Any CPU
		{45D86E41-82F8-42AA-8E89-79F6FEAB7209}.Debug|Mixed Platforms.ActiveCfg = Debug|Any CPU
		{45D86E41-82F8-42AA-8E89-79F6FEAB7209}.Debug|Mixed Platforms.Build.0 = Debug|Any CPU
		{45D86E41-82F8-42AA-8E89-79F6FEAB7209}.Debug|x86.ActiveCfg = Debug|Any CPU
		{45D86E41-82F8-42AA-8E89-79F6FEAB7209}.EasyTest|Any CPU.ActiveCfg = Release|Any CPU
		{45D86E41-82F8-42AA-8E89-79F6FEAB7209}.EasyTest|Any CPU.Build.0 = Release|Any CPU
		{45D86E41-82F8-42AA-8E89-79F6FEAB7209}.EasyTest|Mixed Platforms.ActiveCfg = Release|Any CPU
		{45D86E41-82F8-42AA-8E89-79F6FEAB7209}.EasyTest|Mixed Platforms.Build.0 = Release|Any CPU
		{45D86E41-82F8-42AA-8E89-79F6FEAB7209}.EasyTest|x86.ActiveCfg = Release|Any CPU
		{45D86E41-82F8-42AA-8E89-79F6FEAB7209}.Release|Any CPU.ActiveCfg = Release|Any CPU
		{45D86E41-82F8-42AA-8E89-79F6FEAB7209}.Release|Any CPU.Build.0 = Release|Any CPU
		{45D86E41-82F8-42AA-8E89-79F6FEAB7209}.Release|Mixed Platforms.ActiveCfg = Release|Any CPU
		{45D86E41-82F8-42AA-8E89-79F6FEAB7209}.Release|Mixed Platforms.Build.0 = Release|Any CPU
		{45D86E41-82F8-42AA-8E89-79F6FEAB7209}.Release|x86.ActiveCfg = Release|Any CPU
		{8CA17595-10BF-4161-90EE-FBF111755137}.Debug|Any CPU.ActiveCfg = Debug|Any CPU
		{8CA17595-10BF-4161-90EE-FBF111755137}.Debug|Any CPU.Build.0 = Debug|Any CPU
		{8CA17595-10BF-4161-90EE-FBF111755137}.Debug|Mixed Platforms.ActiveCfg = Debug|Any CPU
		{8CA17595-10BF-4161-90EE-FBF111755137}.Debug|Mixed Platforms.Build.0 = Debug|Any CPU
		{8CA17595-10BF-4161-90EE-FBF111755137}.Debug|x86.ActiveCfg = Debug|Any CPU
		{8CA17595-10BF-4161-90EE-FBF111755137}.EasyTest|Any CPU.ActiveCfg = Release|Any CPU
		{8CA17595-10BF-4161-90EE-FBF111755137}.EasyTest|Any CPU.Build.0 = Release|Any CPU
		{8CA17595-10BF-4161-90EE-FBF111755137}.EasyTest|Mixed Platforms.ActiveCfg = Release|Any CPU
		{8CA17595-10BF-4161-90EE-FBF111755137}.EasyTest|Mixed Platforms.Build.0 = Release|Any CPU
		{8CA17595-10BF-4161-90EE-FBF111755137}.EasyTest|x86.ActiveCfg = Release|Any CPU
		{8CA17595-10BF-4161-90EE-FBF111755137}.Release|Any CPU.ActiveCfg = Release|Any CPU
		{8CA17595-10BF-4161-90EE-FBF111755137}.Release|Any CPU.Build.0 = Release|Any CPU
		{8CA17595-10BF-4161-90EE-FBF111755137}.Release|Mixed Platforms.ActiveCfg = Release|Any CPU
		{8CA17595-10BF-4161-90EE-FBF111755137}.Release|Mixed Platforms.Build.0 = Release|Any CPU
		{8CA17595-10BF-4161-90EE-FBF111755137}.Release|x86.ActiveCfg = Release|Any CPU
		{1636D0C1-4D90-400B-B59B-80F8310046D4}.Debug|Any CPU.ActiveCfg = Debug|Any CPU
		{1636D0C1-4D90-400B-B59B-80F8310046D4}.Debug|Any CPU.Build.0 = Debug|Any CPU
		{1636D0C1-4D90-400B-B59B-80F8310046D4}.Debug|Mixed Platforms.ActiveCfg = Debug|Any CPU
		{1636D0C1-4D90-400B-B59B-80F8310046D4}.Debug|Mixed Platforms.Build.0 = Debug|Any CPU
		{1636D0C1-4D90-400B-B59B-80F8310046D4}.Debug|x86.ActiveCfg = Debug|Any CPU
		{1636D0C1-4D90-400B-B59B-80F8310046D4}.EasyTest|Any CPU.ActiveCfg = Release|Any CPU
		{1636D0C1-4D90-400B-B59B-80F8310046D4}.EasyTest|Any CPU.Build.0 = Release|Any CPU
		{1636D0C1-4D90-400B-B59B-80F8310046D4}.EasyTest|Mixed Platforms.ActiveCfg = Release|Any CPU
		{1636D0C1-4D90-400B-B59B-80F8310046D4}.EasyTest|Mixed Platforms.Build.0 = Release|Any CPU
		{1636D0C1-4D90-400B-B59B-80F8310046D4}.EasyTest|x86.ActiveCfg = Release|Any CPU
		{1636D0C1-4D90-400B-B59B-80F8310046D4}.Release|Any CPU.ActiveCfg = Release|Any CPU
		{1636D0C1-4D90-400B-B59B-80F8310046D4}.Release|Any CPU.Build.0 = Release|Any CPU
		{1636D0C1-4D90-400B-B59B-80F8310046D4}.Release|Mixed Platforms.ActiveCfg = Release|Any CPU
		{1636D0C1-4D90-400B-B59B-80F8310046D4}.Release|Mixed Platforms.Build.0 = Release|Any CPU
		{1636D0C1-4D90-400B-B59B-80F8310046D4}.Release|x86.ActiveCfg = Release|Any CPU
		{04323BE5-B935-4F22-BC1D-EDFD3C7EFEEC}.Debug|Any CPU.ActiveCfg = Debug|Any CPU
		{04323BE5-B935-4F22-BC1D-EDFD3C7EFEEC}.Debug|Any CPU.Build.0 = Debug|Any CPU
		{04323BE5-B935-4F22-BC1D-EDFD3C7EFEEC}.Debug|Mixed Platforms.ActiveCfg = Debug|Any CPU
		{04323BE5-B935-4F22-BC1D-EDFD3C7EFEEC}.Debug|Mixed Platforms.Build.0 = Debug|Any CPU
		{04323BE5-B935-4F22-BC1D-EDFD3C7EFEEC}.Debug|x86.ActiveCfg = Debug|Any CPU
		{04323BE5-B935-4F22-BC1D-EDFD3C7EFEEC}.EasyTest|Any CPU.ActiveCfg = Release|Any CPU
		{04323BE5-B935-4F22-BC1D-EDFD3C7EFEEC}.EasyTest|Any CPU.Build.0 = Release|Any CPU
		{04323BE5-B935-4F22-BC1D-EDFD3C7EFEEC}.EasyTest|Mixed Platforms.ActiveCfg = Release|Any CPU
		{04323BE5-B935-4F22-BC1D-EDFD3C7EFEEC}.EasyTest|Mixed Platforms.Build.0 = Release|Any CPU
		{04323BE5-B935-4F22-BC1D-EDFD3C7EFEEC}.EasyTest|x86.ActiveCfg = Release|Any CPU
		{04323BE5-B935-4F22-BC1D-EDFD3C7EFEEC}.Release|Any CPU.ActiveCfg = Release|Any CPU
		{04323BE5-B935-4F22-BC1D-EDFD3C7EFEEC}.Release|Any CPU.Build.0 = Release|Any CPU
		{04323BE5-B935-4F22-BC1D-EDFD3C7EFEEC}.Release|Mixed Platforms.ActiveCfg = Release|Any CPU
		{04323BE5-B935-4F22-BC1D-EDFD3C7EFEEC}.Release|Mixed Platforms.Build.0 = Release|Any CPU
		{04323BE5-B935-4F22-BC1D-EDFD3C7EFEEC}.Release|x86.ActiveCfg = Release|Any CPU
		{451C7136-0808-4F5B-B383-7F6768B5761B}.Debug|Any CPU.ActiveCfg = Debug|Any CPU
		{451C7136-0808-4F5B-B383-7F6768B5761B}.Debug|Any CPU.Build.0 = Debug|Any CPU
		{451C7136-0808-4F5B-B383-7F6768B5761B}.Debug|Mixed Platforms.ActiveCfg = Debug|Any CPU
		{451C7136-0808-4F5B-B383-7F6768B5761B}.Debug|Mixed Platforms.Build.0 = Debug|Any CPU
		{451C7136-0808-4F5B-B383-7F6768B5761B}.Debug|x86.ActiveCfg = Debug|Any CPU
		{451C7136-0808-4F5B-B383-7F6768B5761B}.EasyTest|Any CPU.ActiveCfg = Release|Any CPU
		{451C7136-0808-4F5B-B383-7F6768B5761B}.EasyTest|Any CPU.Build.0 = Release|Any CPU
		{451C7136-0808-4F5B-B383-7F6768B5761B}.EasyTest|Mixed Platforms.ActiveCfg = Release|Any CPU
		{451C7136-0808-4F5B-B383-7F6768B5761B}.EasyTest|Mixed Platforms.Build.0 = Release|Any CPU
		{451C7136-0808-4F5B-B383-7F6768B5761B}.EasyTest|x86.ActiveCfg = Release|Any CPU
		{451C7136-0808-4F5B-B383-7F6768B5761B}.Release|Any CPU.ActiveCfg = Release|Any CPU
		{451C7136-0808-4F5B-B383-7F6768B5761B}.Release|Any CPU.Build.0 = Release|Any CPU
		{451C7136-0808-4F5B-B383-7F6768B5761B}.Release|Mixed Platforms.ActiveCfg = Release|Any CPU
		{451C7136-0808-4F5B-B383-7F6768B5761B}.Release|Mixed Platforms.Build.0 = Release|Any CPU
		{451C7136-0808-4F5B-B383-7F6768B5761B}.Release|x86.ActiveCfg = Release|Any CPU
		{B255AE02-D453-4EC2-AED3-141574040EFE}.Debug|Any CPU.ActiveCfg = Debug|Any CPU
		{B255AE02-D453-4EC2-AED3-141574040EFE}.Debug|Any CPU.Build.0 = Debug|Any CPU
		{B255AE02-D453-4EC2-AED3-141574040EFE}.Debug|Mixed Platforms.ActiveCfg = Debug|Any CPU
		{B255AE02-D453-4EC2-AED3-141574040EFE}.Debug|Mixed Platforms.Build.0 = Debug|Any CPU
		{B255AE02-D453-4EC2-AED3-141574040EFE}.Debug|x86.ActiveCfg = Debug|Any CPU
		{B255AE02-D453-4EC2-AED3-141574040EFE}.EasyTest|Any CPU.ActiveCfg = Release|Any CPU
		{B255AE02-D453-4EC2-AED3-141574040EFE}.EasyTest|Any CPU.Build.0 = Release|Any CPU
		{B255AE02-D453-4EC2-AED3-141574040EFE}.EasyTest|Mixed Platforms.ActiveCfg = Release|Any CPU
		{B255AE02-D453-4EC2-AED3-141574040EFE}.EasyTest|Mixed Platforms.Build.0 = Release|Any CPU
		{B255AE02-D453-4EC2-AED3-141574040EFE}.EasyTest|x86.ActiveCfg = Release|Any CPU
		{B255AE02-D453-4EC2-AED3-141574040EFE}.Release|Any CPU.ActiveCfg = Release|Any CPU
		{B255AE02-D453-4EC2-AED3-141574040EFE}.Release|Any CPU.Build.0 = Release|Any CPU
		{B255AE02-D453-4EC2-AED3-141574040EFE}.Release|Mixed Platforms.ActiveCfg = Release|Any CPU
		{B255AE02-D453-4EC2-AED3-141574040EFE}.Release|Mixed Platforms.Build.0 = Release|Any CPU
		{B255AE02-D453-4EC2-AED3-141574040EFE}.Release|x86.ActiveCfg = Release|Any CPU
		{82467759-56A7-484B-A620-8175FCB37A45}.Debug|Any CPU.ActiveCfg = Debug|Any CPU
		{82467759-56A7-484B-A620-8175FCB37A45}.Debug|Any CPU.Build.0 = Debug|Any CPU
		{82467759-56A7-484B-A620-8175FCB37A45}.Debug|Mixed Platforms.ActiveCfg = Debug|Any CPU
		{82467759-56A7-484B-A620-8175FCB37A45}.Debug|Mixed Platforms.Build.0 = Debug|Any CPU
		{82467759-56A7-484B-A620-8175FCB37A45}.Debug|x86.ActiveCfg = Debug|Any CPU
		{82467759-56A7-484B-A620-8175FCB37A45}.EasyTest|Any CPU.ActiveCfg = Release|Any CPU
		{82467759-56A7-484B-A620-8175FCB37A45}.EasyTest|Any CPU.Build.0 = Release|Any CPU
		{82467759-56A7-484B-A620-8175FCB37A45}.EasyTest|Mixed Platforms.ActiveCfg = Release|Any CPU
		{82467759-56A7-484B-A620-8175FCB37A45}.EasyTest|Mixed Platforms.Build.0 = Release|Any CPU
		{82467759-56A7-484B-A620-8175FCB37A45}.EasyTest|x86.ActiveCfg = Release|Any CPU
		{82467759-56A7-484B-A620-8175FCB37A45}.Release|Any CPU.ActiveCfg = Release|Any CPU
		{82467759-56A7-484B-A620-8175FCB37A45}.Release|Any CPU.Build.0 = Release|Any CPU
		{82467759-56A7-484B-A620-8175FCB37A45}.Release|Mixed Platforms.ActiveCfg = Release|Any CPU
		{82467759-56A7-484B-A620-8175FCB37A45}.Release|Mixed Platforms.Build.0 = Release|Any CPU
		{82467759-56A7-484B-A620-8175FCB37A45}.Release|x86.ActiveCfg = Release|Any CPU
		{2B7E24FB-6F9C-446C-9E87-B70E5F2B6670}.Debug|Any CPU.ActiveCfg = Debug|Any CPU
		{2B7E24FB-6F9C-446C-9E87-B70E5F2B6670}.Debug|Any CPU.Build.0 = Debug|Any CPU
		{2B7E24FB-6F9C-446C-9E87-B70E5F2B6670}.Debug|Mixed Platforms.ActiveCfg = Debug|Any CPU
		{2B7E24FB-6F9C-446C-9E87-B70E5F2B6670}.Debug|Mixed Platforms.Build.0 = Debug|Any CPU
		{2B7E24FB-6F9C-446C-9E87-B70E5F2B6670}.Debug|x86.ActiveCfg = Debug|Any CPU
		{2B7E24FB-6F9C-446C-9E87-B70E5F2B6670}.EasyTest|Any CPU.ActiveCfg = Release|Any CPU
		{2B7E24FB-6F9C-446C-9E87-B70E5F2B6670}.EasyTest|Any CPU.Build.0 = Release|Any CPU
		{2B7E24FB-6F9C-446C-9E87-B70E5F2B6670}.EasyTest|Mixed Platforms.ActiveCfg = Release|Any CPU
		{2B7E24FB-6F9C-446C-9E87-B70E5F2B6670}.EasyTest|Mixed Platforms.Build.0 = Release|Any CPU
		{2B7E24FB-6F9C-446C-9E87-B70E5F2B6670}.EasyTest|x86.ActiveCfg = Release|Any CPU
		{2B7E24FB-6F9C-446C-9E87-B70E5F2B6670}.Release|Any CPU.ActiveCfg = Release|Any CPU
		{2B7E24FB-6F9C-446C-9E87-B70E5F2B6670}.Release|Any CPU.Build.0 = Release|Any CPU
		{2B7E24FB-6F9C-446C-9E87-B70E5F2B6670}.Release|Mixed Platforms.ActiveCfg = Release|Any CPU
		{2B7E24FB-6F9C-446C-9E87-B70E5F2B6670}.Release|Mixed Platforms.Build.0 = Release|Any CPU
		{2B7E24FB-6F9C-446C-9E87-B70E5F2B6670}.Release|x86.ActiveCfg = Release|Any CPU
		{65824328-07D8-46F4-91AB-C69B9FD155B5}.Debug|Any CPU.ActiveCfg = Debug|Any CPU
		{65824328-07D8-46F4-91AB-C69B9FD155B5}.Debug|Any CPU.Build.0 = Debug|Any CPU
		{65824328-07D8-46F4-91AB-C69B9FD155B5}.Debug|Mixed Platforms.ActiveCfg = Debug|Any CPU
		{65824328-07D8-46F4-91AB-C69B9FD155B5}.Debug|Mixed Platforms.Build.0 = Debug|Any CPU
		{65824328-07D8-46F4-91AB-C69B9FD155B5}.Debug|x86.ActiveCfg = Debug|Any CPU
		{65824328-07D8-46F4-91AB-C69B9FD155B5}.EasyTest|Any CPU.ActiveCfg = Release|Any CPU
		{65824328-07D8-46F4-91AB-C69B9FD155B5}.EasyTest|Any CPU.Build.0 = Release|Any CPU
		{65824328-07D8-46F4-91AB-C69B9FD155B5}.EasyTest|Mixed Platforms.ActiveCfg = Release|Any CPU
		{65824328-07D8-46F4-91AB-C69B9FD155B5}.EasyTest|Mixed Platforms.Build.0 = Release|Any CPU
		{65824328-07D8-46F4-91AB-C69B9FD155B5}.EasyTest|x86.ActiveCfg = Release|Any CPU
		{65824328-07D8-46F4-91AB-C69B9FD155B5}.Release|Any CPU.ActiveCfg = Release|Any CPU
		{65824328-07D8-46F4-91AB-C69B9FD155B5}.Release|Any CPU.Build.0 = Release|Any CPU
		{65824328-07D8-46F4-91AB-C69B9FD155B5}.Release|Mixed Platforms.ActiveCfg = Release|Any CPU
		{65824328-07D8-46F4-91AB-C69B9FD155B5}.Release|Mixed Platforms.Build.0 = Release|Any CPU
		{65824328-07D8-46F4-91AB-C69B9FD155B5}.Release|x86.ActiveCfg = Release|Any CPU
		{7742AA9D-FB18-4054-ADAC-AD751A61B594}.Debug|Any CPU.ActiveCfg = Debug|Any CPU
		{7742AA9D-FB18-4054-ADAC-AD751A61B594}.Debug|Any CPU.Build.0 = Debug|Any CPU
		{7742AA9D-FB18-4054-ADAC-AD751A61B594}.Debug|Mixed Platforms.ActiveCfg = Debug|Any CPU
		{7742AA9D-FB18-4054-ADAC-AD751A61B594}.Debug|Mixed Platforms.Build.0 = Debug|Any CPU
		{7742AA9D-FB18-4054-ADAC-AD751A61B594}.Debug|x86.ActiveCfg = Debug|Any CPU
		{7742AA9D-FB18-4054-ADAC-AD751A61B594}.EasyTest|Any CPU.ActiveCfg = Release|Any CPU
		{7742AA9D-FB18-4054-ADAC-AD751A61B594}.EasyTest|Any CPU.Build.0 = Release|Any CPU
		{7742AA9D-FB18-4054-ADAC-AD751A61B594}.EasyTest|Mixed Platforms.ActiveCfg = Release|Any CPU
		{7742AA9D-FB18-4054-ADAC-AD751A61B594}.EasyTest|Mixed Platforms.Build.0 = Release|Any CPU
		{7742AA9D-FB18-4054-ADAC-AD751A61B594}.EasyTest|x86.ActiveCfg = Release|Any CPU
		{7742AA9D-FB18-4054-ADAC-AD751A61B594}.Release|Any CPU.ActiveCfg = Release|Any CPU
		{7742AA9D-FB18-4054-ADAC-AD751A61B594}.Release|Any CPU.Build.0 = Release|Any CPU
		{7742AA9D-FB18-4054-ADAC-AD751A61B594}.Release|Mixed Platforms.ActiveCfg = Release|Any CPU
		{7742AA9D-FB18-4054-ADAC-AD751A61B594}.Release|Mixed Platforms.Build.0 = Release|Any CPU
		{7742AA9D-FB18-4054-ADAC-AD751A61B594}.Release|x86.ActiveCfg = Release|Any CPU
		{EB9C9544-B378-489F-86BD-B3402EBC2408}.Debug|Any CPU.ActiveCfg = Debug|Any CPU
		{EB9C9544-B378-489F-86BD-B3402EBC2408}.Debug|Any CPU.Build.0 = Debug|Any CPU
		{EB9C9544-B378-489F-86BD-B3402EBC2408}.Debug|Mixed Platforms.ActiveCfg = Debug|Any CPU
		{EB9C9544-B378-489F-86BD-B3402EBC2408}.Debug|Mixed Platforms.Build.0 = Debug|Any CPU
		{EB9C9544-B378-489F-86BD-B3402EBC2408}.Debug|x86.ActiveCfg = Debug|Any CPU
		{EB9C9544-B378-489F-86BD-B3402EBC2408}.EasyTest|Any CPU.ActiveCfg = Release|Any CPU
		{EB9C9544-B378-489F-86BD-B3402EBC2408}.EasyTest|Any CPU.Build.0 = Release|Any CPU
		{EB9C9544-B378-489F-86BD-B3402EBC2408}.EasyTest|Mixed Platforms.ActiveCfg = Release|Any CPU
		{EB9C9544-B378-489F-86BD-B3402EBC2408}.EasyTest|Mixed Platforms.Build.0 = Release|Any CPU
		{EB9C9544-B378-489F-86BD-B3402EBC2408}.EasyTest|x86.ActiveCfg = Release|Any CPU
		{EB9C9544-B378-489F-86BD-B3402EBC2408}.Release|Any CPU.ActiveCfg = Release|Any CPU
		{EB9C9544-B378-489F-86BD-B3402EBC2408}.Release|Any CPU.Build.0 = Release|Any CPU
		{EB9C9544-B378-489F-86BD-B3402EBC2408}.Release|Mixed Platforms.ActiveCfg = Release|Any CPU
		{EB9C9544-B378-489F-86BD-B3402EBC2408}.Release|Mixed Platforms.Build.0 = Release|Any CPU
		{EB9C9544-B378-489F-86BD-B3402EBC2408}.Release|x86.ActiveCfg = Release|Any CPU
		{C4A8DB8D-51B5-4A3B-8AF9-B9E1188145EF}.Debug|Any CPU.ActiveCfg = Debug|Any CPU
		{C4A8DB8D-51B5-4A3B-8AF9-B9E1188145EF}.Debug|Any CPU.Build.0 = Debug|Any CPU
		{C4A8DB8D-51B5-4A3B-8AF9-B9E1188145EF}.Debug|Mixed Platforms.ActiveCfg = Debug|Any CPU
		{C4A8DB8D-51B5-4A3B-8AF9-B9E1188145EF}.Debug|Mixed Platforms.Build.0 = Debug|Any CPU
		{C4A8DB8D-51B5-4A3B-8AF9-B9E1188145EF}.Debug|x86.ActiveCfg = Debug|Any CPU
		{C4A8DB8D-51B5-4A3B-8AF9-B9E1188145EF}.EasyTest|Any CPU.ActiveCfg = Release|Any CPU
		{C4A8DB8D-51B5-4A3B-8AF9-B9E1188145EF}.EasyTest|Any CPU.Build.0 = Release|Any CPU
		{C4A8DB8D-51B5-4A3B-8AF9-B9E1188145EF}.EasyTest|Mixed Platforms.ActiveCfg = Release|Any CPU
		{C4A8DB8D-51B5-4A3B-8AF9-B9E1188145EF}.EasyTest|Mixed Platforms.Build.0 = Release|Any CPU
		{C4A8DB8D-51B5-4A3B-8AF9-B9E1188145EF}.EasyTest|x86.ActiveCfg = Release|Any CPU
		{C4A8DB8D-51B5-4A3B-8AF9-B9E1188145EF}.Release|Any CPU.ActiveCfg = Release|Any CPU
		{C4A8DB8D-51B5-4A3B-8AF9-B9E1188145EF}.Release|Any CPU.Build.0 = Release|Any CPU
		{C4A8DB8D-51B5-4A3B-8AF9-B9E1188145EF}.Release|Mixed Platforms.ActiveCfg = Release|Any CPU
		{C4A8DB8D-51B5-4A3B-8AF9-B9E1188145EF}.Release|Mixed Platforms.Build.0 = Release|Any CPU
		{C4A8DB8D-51B5-4A3B-8AF9-B9E1188145EF}.Release|x86.ActiveCfg = Release|Any CPU
		{CA084E57-4913-46D2-8118-507304A8E0FC}.Debug|Any CPU.ActiveCfg = Debug|Any CPU
		{CA084E57-4913-46D2-8118-507304A8E0FC}.Debug|Any CPU.Build.0 = Debug|Any CPU
		{CA084E57-4913-46D2-8118-507304A8E0FC}.Debug|Mixed Platforms.ActiveCfg = Debug|Any CPU
		{CA084E57-4913-46D2-8118-507304A8E0FC}.Debug|Mixed Platforms.Build.0 = Debug|Any CPU
		{CA084E57-4913-46D2-8118-507304A8E0FC}.Debug|x86.ActiveCfg = Debug|Any CPU
		{CA084E57-4913-46D2-8118-507304A8E0FC}.EasyTest|Any CPU.ActiveCfg = Release|Any CPU
		{CA084E57-4913-46D2-8118-507304A8E0FC}.EasyTest|Any CPU.Build.0 = Release|Any CPU
		{CA084E57-4913-46D2-8118-507304A8E0FC}.EasyTest|Mixed Platforms.ActiveCfg = Release|Any CPU
		{CA084E57-4913-46D2-8118-507304A8E0FC}.EasyTest|Mixed Platforms.Build.0 = Release|Any CPU
		{CA084E57-4913-46D2-8118-507304A8E0FC}.EasyTest|x86.ActiveCfg = Release|Any CPU
		{CA084E57-4913-46D2-8118-507304A8E0FC}.Release|Any CPU.ActiveCfg = Release|Any CPU
		{CA084E57-4913-46D2-8118-507304A8E0FC}.Release|Any CPU.Build.0 = Release|Any CPU
		{CA084E57-4913-46D2-8118-507304A8E0FC}.Release|Mixed Platforms.ActiveCfg = Release|Any CPU
		{CA084E57-4913-46D2-8118-507304A8E0FC}.Release|Mixed Platforms.Build.0 = Release|Any CPU
		{CA084E57-4913-46D2-8118-507304A8E0FC}.Release|x86.ActiveCfg = Release|Any CPU
		{BAB8FC5F-C3E0-4FBC-AD95-5EA7A711C8B5}.Debug|Any CPU.ActiveCfg = Debug|Any CPU
		{BAB8FC5F-C3E0-4FBC-AD95-5EA7A711C8B5}.Debug|Any CPU.Build.0 = Debug|Any CPU
		{BAB8FC5F-C3E0-4FBC-AD95-5EA7A711C8B5}.Debug|Mixed Platforms.ActiveCfg = Debug|Any CPU
		{BAB8FC5F-C3E0-4FBC-AD95-5EA7A711C8B5}.Debug|Mixed Platforms.Build.0 = Debug|Any CPU
		{BAB8FC5F-C3E0-4FBC-AD95-5EA7A711C8B5}.Debug|x86.ActiveCfg = Debug|Any CPU
		{BAB8FC5F-C3E0-4FBC-AD95-5EA7A711C8B5}.EasyTest|Any CPU.ActiveCfg = Release|Any CPU
		{BAB8FC5F-C3E0-4FBC-AD95-5EA7A711C8B5}.EasyTest|Any CPU.Build.0 = Release|Any CPU
		{BAB8FC5F-C3E0-4FBC-AD95-5EA7A711C8B5}.EasyTest|Mixed Platforms.ActiveCfg = Release|Any CPU
		{BAB8FC5F-C3E0-4FBC-AD95-5EA7A711C8B5}.EasyTest|Mixed Platforms.Build.0 = Release|Any CPU
		{BAB8FC5F-C3E0-4FBC-AD95-5EA7A711C8B5}.EasyTest|x86.ActiveCfg = Release|Any CPU
		{BAB8FC5F-C3E0-4FBC-AD95-5EA7A711C8B5}.Release|Any CPU.ActiveCfg = Release|Any CPU
		{BAB8FC5F-C3E0-4FBC-AD95-5EA7A711C8B5}.Release|Any CPU.Build.0 = Release|Any CPU
		{BAB8FC5F-C3E0-4FBC-AD95-5EA7A711C8B5}.Release|Mixed Platforms.ActiveCfg = Release|Any CPU
		{BAB8FC5F-C3E0-4FBC-AD95-5EA7A711C8B5}.Release|Mixed Platforms.Build.0 = Release|Any CPU
		{BAB8FC5F-C3E0-4FBC-AD95-5EA7A711C8B5}.Release|x86.ActiveCfg = Release|Any CPU
		{76993F68-2F97-402C-8357-915A0EB94080}.Debug|Any CPU.ActiveCfg = Debug|Any CPU
		{76993F68-2F97-402C-8357-915A0EB94080}.Debug|Any CPU.Build.0 = Debug|Any CPU
		{76993F68-2F97-402C-8357-915A0EB94080}.Debug|Mixed Platforms.ActiveCfg = Debug|Any CPU
		{76993F68-2F97-402C-8357-915A0EB94080}.Debug|Mixed Platforms.Build.0 = Debug|Any CPU
		{76993F68-2F97-402C-8357-915A0EB94080}.Debug|x86.ActiveCfg = Debug|Any CPU
		{76993F68-2F97-402C-8357-915A0EB94080}.EasyTest|Any CPU.ActiveCfg = Release|Any CPU
		{76993F68-2F97-402C-8357-915A0EB94080}.EasyTest|Any CPU.Build.0 = Release|Any CPU
		{76993F68-2F97-402C-8357-915A0EB94080}.EasyTest|Mixed Platforms.ActiveCfg = Release|Any CPU
		{76993F68-2F97-402C-8357-915A0EB94080}.EasyTest|Mixed Platforms.Build.0 = Release|Any CPU
		{76993F68-2F97-402C-8357-915A0EB94080}.EasyTest|x86.ActiveCfg = Release|Any CPU
		{76993F68-2F97-402C-8357-915A0EB94080}.Release|Any CPU.ActiveCfg = Release|Any CPU
		{76993F68-2F97-402C-8357-915A0EB94080}.Release|Any CPU.Build.0 = Release|Any CPU
		{76993F68-2F97-402C-8357-915A0EB94080}.Release|Mixed Platforms.ActiveCfg = Release|Any CPU
		{76993F68-2F97-402C-8357-915A0EB94080}.Release|Mixed Platforms.Build.0 = Release|Any CPU
		{76993F68-2F97-402C-8357-915A0EB94080}.Release|x86.ActiveCfg = Release|Any CPU
	EndGlobalSection
	GlobalSection(SolutionProperties) = preSolution
		HideSolutionNode = FALSE
	EndGlobalSection
	GlobalSection(NestedProjects) = preSolution
		{45513F80-06CD-4756-9F61-D2F98D195EB6} = {383D5E93-561C-4EDC-96DC-16487D8C081D}
		{DD5FD22C-41DF-4BBD-8DFF-5B45FD47803E} = {2E9D7CF1-7D13-4BEA-9150-C9EF33EF1EBA}
		{8CA17595-10BF-4161-90EE-FBF111755137} = {8A66C7CC-2BDB-4988-AF76-06C12A19D773}
		{04323BE5-B935-4F22-BC1D-EDFD3C7EFEEC} = {FB6D679D-BD00-45B8-BEEF-963F7F00F316}
		{833A8CC9-80B0-4BBF-AA03-F09EF83C59C9} = {A0E914AE-D0C5-4D4B-81D6-338DFA36C8A7}
		{451C7136-0808-4F5B-B383-7F6768B5761B} = {833A8CC9-80B0-4BBF-AA03-F09EF83C59C9}
		{B255AE02-D453-4EC2-AED3-141574040EFE} = {383D5E93-561C-4EDC-96DC-16487D8C081D}
		{82467759-56A7-484B-A620-8175FCB37A45} = {383D5E93-561C-4EDC-96DC-16487D8C081D}
		{2B7E24FB-6F9C-446C-9E87-B70E5F2B6670} = {EBB9EE61-B1B9-487F-8643-8E458D5AD71F}
		{65824328-07D8-46F4-91AB-C69B9FD155B5} = {5BA9C7E5-891B-49D0-8A2B-42D7F07E39FC}
		{7742AA9D-FB18-4054-ADAC-AD751A61B594} = {2E9D7CF1-7D13-4BEA-9150-C9EF33EF1EBA}
		{CA084E57-4913-46D2-8118-507304A8E0FC} = {CCC60D3B-7760-41E3-A465-05E53440FE85}
		{BAB8FC5F-C3E0-4FBC-AD95-5EA7A711C8B5} = {CCC60D3B-7760-41E3-A465-05E53440FE85}
		{76993F68-2F97-402C-8357-915A0EB94080} = {CCC60D3B-7760-41E3-A465-05E53440FE85}
	EndGlobalSection
EndGlobal
