
Microsoft Visual Studio Solution File, Format Version 12.00
# Visual Studio 15
VisualStudioVersion = 15.0.26228.12
MinimumVisualStudioVersion = 10.0.40219.1
Project("{FAE04EC0-301F-11D3-BF4B-00C04F79EFBC}") = "WCFStudy", "WCFStudy\WCFStudy.csproj", "{9A22455C-84FA-407C-BA30-EC0FC89509E2}"
EndProject
Project("{FAE04EC0-301F-11D3-BF4B-00C04F79EFBC}") = "CFJ.WebApiHost", "CFJ.WebApiHost\CFJ.WebApiHost.csproj", "{CA45E969-3810-413B-B92E-BE603602F6F4}"
EndProject
Project("{FAE04EC0-301F-11D3-BF4B-00C04F79EFBC}") = "ConsoleAppWebApiHost", "..\WebAPI\WebAPIStudy\ConsoleAppWebApiHost\ConsoleAppWebApiHost.csproj", "{AAC61299-1F95-4AF3-9886-4676F8777E0F}"
EndProject
Global
	GlobalSection(SolutionConfigurationPlatforms) = preSolution
		Debug|Any CPU = Debug|Any CPU
		Release|Any CPU = Release|Any CPU
	EndGlobalSection
	GlobalSection(ProjectConfigurationPlatforms) = postSolution
		{9A22455C-84FA-407C-BA30-EC0FC89509E2}.Debug|Any CPU.ActiveCfg = Debug|Any CPU
		{9A22455C-84FA-407C-BA30-EC0FC89509E2}.Debug|Any CPU.Build.0 = Debug|Any CPU
		{9A22455C-84FA-407C-BA30-EC0FC89509E2}.Release|Any CPU.ActiveCfg = Release|Any CPU
		{9A22455C-84FA-407C-BA30-EC0FC89509E2}.Release|Any CPU.Build.0 = Release|Any CPU
		{CA45E969-3810-413B-B92E-BE603602F6F4}.Debug|Any CPU.ActiveCfg = Debug|Any CPU
		{CA45E969-3810-413B-B92E-BE603602F6F4}.Debug|Any CPU.Build.0 = Debug|Any CPU
		{CA45E969-3810-413B-B92E-BE603602F6F4}.Release|Any CPU.ActiveCfg = Release|Any CPU
		{CA45E969-3810-413B-B92E-BE603602F6F4}.Release|Any CPU.Build.0 = Release|Any CPU
		{AAC61299-1F95-4AF3-9886-4676F8777E0F}.Debug|Any CPU.ActiveCfg = Debug|Any CPU
		{AAC61299-1F95-4AF3-9886-4676F8777E0F}.Debug|Any CPU.Build.0 = Debug|Any CPU
		{AAC61299-1F95-4AF3-9886-4676F8777E0F}.Release|Any CPU.ActiveCfg = Release|Any CPU
		{AAC61299-1F95-4AF3-9886-4676F8777E0F}.Release|Any CPU.Build.0 = Release|Any CPU
	EndGlobalSection
	GlobalSection(SolutionProperties) = preSolution
		HideSolutionNode = FALSE
	EndGlobalSection
	GlobalSection(TeamFoundationVersionControl) = preSolution
		SccNumberOfProjects = 4
		SccEnterpriseProvider = {4CA58AB2-18FA-4F8D-95D4-32DDF27D184C}
		SccTeamFoundationServer = https://fgtfs.visualstudio.com/
		SccLocalPath0 = .
		SccProjectUniqueName1 = WCFStudy\\WCFStudy.csproj
		SccProjectName1 = WCFStudy
		SccLocalPath1 = WCFStudy
		SccProjectUniqueName2 = CFJ.WebApiHost\\CFJ.WebApiHost.csproj
		SccProjectName2 = CFJ.WebApiHost
		SccLocalPath2 = CFJ.WebApiHost
		SccProjectUniqueName3 = ..\\WebAPI\\WebAPIStudy\\ConsoleAppWebApiHost\\ConsoleAppWebApiHost.csproj
		SccProjectName3 = ../WebAPI/WebAPIStudy/ConsoleAppWebApiHost
		SccLocalPath3 = ..\\WebAPI\\WebAPIStudy\\ConsoleAppWebApiHost
	EndGlobalSection
EndGlobal
